// !$*UTF8*$!
{
	archiveVersion = 1;
	classes = {
	};
	objectVersion = 46;
	objects = {

/* Begin PBXBuildFile section */
		76E3FAA51B8AF5BF0009012D /* AppDelegate.swift in Sources */ = {isa = PBXBuildFile; fileRef = 76E3FAA41B8AF5BF0009012D /* AppDelegate.swift */; };
		76E3FAA71B8AF5BF0009012D /* ViewController.swift in Sources */ = {isa = PBXBuildFile; fileRef = 76E3FAA61B8AF5BF0009012D /* ViewController.swift */; };
		76E3FAAA1B8AF5BF0009012D /* Main.storyboard in Resources */ = {isa = PBXBuildFile; fileRef = 76E3FAA81B8AF5BF0009012D /* Main.storyboard */; };
		76E3FAAC1B8AF5BF0009012D /* Images.xcassets in Resources */ = {isa = PBXBuildFile; fileRef = 76E3FAAB1B8AF5BF0009012D /* Images.xcassets */; };
		76E3FAAF1B8AF5BF0009012D /* LaunchScreen.xib in Resources */ = {isa = PBXBuildFile; fileRef = 76E3FAAD1B8AF5BF0009012D /* LaunchScreen.xib */; };
		76E3FABB1B8AF5BF0009012D /* ModalSceneSampleTests.swift in Sources */ = {isa = PBXBuildFile; fileRef = 76E3FABA1B8AF5BF0009012D /* ModalSceneSampleTests.swift */; };
		76E3FAC51B8AF7220009012D /* ChildViewController.swift in Sources */ = {isa = PBXBuildFile; fileRef = 76E3FAC41B8AF7220009012D /* ChildViewController.swift */; };
/* End PBXBuildFile section */

/* Begin PBXContainerItemProxy section */
		76E3FAB51B8AF5BF0009012D /* PBXContainerItemProxy */ = {
			isa = PBXContainerItemProxy;
			containerPortal = 76E3FA971B8AF5BF0009012D /* Project object */;
			proxyType = 1;
			remoteGlobalIDString = 76E3FA9E1B8AF5BF0009012D;
			remoteInfo = ModalSceneSample;
		};
/* End PBXContainerItemProxy section */

/* Begin PBXFileReference section */
		76E3FA9F1B8AF5BF0009012D /* ModalSceneSample.app */ = {isa = PBXFileReference; explicitFileType = wrapper.application; includeInIndex = 0; path = ModalSceneSample.app; sourceTree = BUILT_PRODUCTS_DIR; };
		76E3FAA31B8AF5BF0009012D /* Info.plist */ = {isa = PBXFileReference; lastKnownFileType = text.plist.xml; path = Info.plist; sourceTree = "<group>"; };
		76E3FAA41B8AF5BF0009012D /* AppDelegate.swift */ = {isa = PBXFileReference; lastKnownFileType = sourcecode.swift; path = AppDelegate.swift; sourceTree = "<group>"; };
		76E3FAA61B8AF5BF0009012D /* ViewController.swift */ = {isa = PBXFileReference; lastKnownFileType = sourcecode.swift; path = ViewController.swift; sourceTree = "<group>"; };
		76E3FAA91B8AF5BF0009012D /* Base */ = {isa = PBXFileReference; lastKnownFileType = file.storyboard; name = Base; path = Base.lproj/Main.storyboard; sourceTree = "<group>"; };
		76E3FAAB1B8AF5BF0009012D /* Images.xcassets */ = {isa = PBXFileReference; lastKnownFileType = folder.assetcatalog; path = Images.xcassets; sourceTree = "<group>"; };
		76E3FAAE1B8AF5BF0009012D /* Base */ = {isa = PBXFileReference; lastKnownFileType = file.xib; name = Base; path = Base.lproj/LaunchScreen.xib; sourceTree = "<group>"; };
		76E3FAB41B8AF5BF0009012D /* ModalSceneSampleTests.xctest */ = {isa = PBXFileReference; explicitFileType = wrapper.cfbundle; includeInIndex = 0; path = ModalSceneSampleTests.xctest; sourceTree = BUILT_PRODUCTS_DIR; };
		76E3FAB91B8AF5BF0009012D /* Info.plist */ = {isa = PBXFileReference; lastKnownFileType = text.plist.xml; path = Info.plist; sourceTree = "<group>"; };
		76E3FABA1B8AF5BF0009012D /* ModalSceneSampleTests.swift */ = {isa = PBXFileReference; lastKnownFileType = sourcecode.swift; path = ModalSceneSampleTests.swift; sourceTree = "<group>"; };
		76E3FAC41B8AF7220009012D /* ChildViewController.swift */ = {isa = PBXFileReference; fileEncoding = 4; lastKnownFileType = sourcecode.swift; path = ChildViewController.swift; sourceTree = "<group>"; };
/* End PBXFileReference section */

/* Begin PBXFrameworksBuildPhase section */
		76E3FA9C1B8AF5BF0009012D /* Frameworks */ = {
			isa = PBXFrameworksBuildPhase;
			buildActionMask = 2147483647;
			files = (
			);
			runOnlyForDeploymentPostprocessing = 0;
		};
		76E3FAB11B8AF5BF0009012D /* Frameworks */ = {
			isa = PBXFrameworksBuildPhase;
			buildActionMask = 2147483647;
			files = (
			);
			runOnlyForDeploymentPostprocessing = 0;
		};
/* End PBXFrameworksBuildPhase section */

/* Begin PBXGroup section */
		76E3FA961B8AF5BF0009012D = {
			isa = PBXGroup;
			children = (
				76E3FAA11B8AF5BF0009012D /* ModalSceneSample */,
				76E3FAB71B8AF5BF0009012D /* ModalSceneSampleTests */,
				76E3FAA01B8AF5BF0009012D /* Products */,
			);
			sourceTree = "<group>";
		};
		76E3FAA01B8AF5BF0009012D /* Products */ = {
			isa = PBXGroup;
			children = (
				76E3FA9F1B8AF5BF0009012D /* ModalSceneSample.app */,
				76E3FAB41B8AF5BF0009012D /* ModalSceneSampleTests.xctest */,
			);
			name = Products;
			sourceTree = "<group>";
		};
		76E3FAA11B8AF5BF0009012D /* ModalSceneSample */ = {
			isa = PBXGroup;
			children = (
				76E3FAA41B8AF5BF0009012D /* AppDelegate.swift */,
				76E3FAA61B8AF5BF0009012D /* ViewController.swift */,
				76E3FAC41B8AF7220009012D /* ChildViewController.swift */,
				76E3FAA81B8AF5BF0009012D /* Main.storyboard */,
				76E3FAAB1B8AF5BF0009012D /* Images.xcassets */,
				76E3FAAD1B8AF5BF0009012D /* LaunchScreen.xib */,
				76E3FAA21B8AF5BF0009012D /* Supporting Files */,
			);
			path = ModalSceneSample;
			sourceTree = "<group>";
		};
		76E3FAA21B8AF5BF0009012D /* Supporting Files */ = {
			isa = PBXGroup;
			children = (
				76E3FAA31B8AF5BF0009012D /* Info.plist */,
			);
			name = "Supporting Files";
			sourceTree = "<group>";
		};
		76E3FAB71B8AF5BF0009012D /* ModalSceneSampleTests */ = {
			isa = PBXGroup;
			children = (
				76E3FABA1B8AF5BF0009012D /* ModalSceneSampleTests.swift */,
				76E3FAB81B8AF5BF0009012D /* Supporting Files */,
			);
			path = ModalSceneSampleTests;
			sourceTree = "<group>";
		};
		76E3FAB81B8AF5BF0009012D /* Supporting Files */ = {
			isa = PBXGroup;
			children = (
				76E3FAB91B8AF5BF0009012D /* Info.plist */,
			);
			name = "Supporting Files";
			sourceTree = "<group>";
		};
/* End PBXGroup section */

/* Begin PBXNativeTarget section */
		76E3FA9E1B8AF5BF0009012D /* ModalSceneSample */ = {
			isa = PBXNativeTarget;
			buildConfigurationList = 76E3FABE1B8AF5BF0009012D /* Build configuration list for PBXNativeTarget "ModalSceneSample" */;
			buildPhases = (
				76E3FA9B1B8AF5BF0009012D /* Sources */,
				76E3FA9C1B8AF5BF0009012D /* Frameworks */,
				76E3FA9D1B8AF5BF0009012D /* Resources */,
			);
			buildRules = (
			);
			dependencies = (
			);
			name = ModalSceneSample;
			productName = ModalSceneSample;
			productReference = 76E3FA9F1B8AF5BF0009012D /* ModalSceneSample.app */;
			productType = "com.apple.product-type.application";
		};
		76E3FAB31B8AF5BF0009012D /* ModalSceneSampleTests */ = {
			isa = PBXNativeTarget;
			buildConfigurationList = 76E3FAC11B8AF5BF0009012D /* Build configuration list for PBXNativeTarget "ModalSceneSampleTests" */;
			buildPhases = (
				76E3FAB01B8AF5BF0009012D /* Sources */,
				76E3FAB11B8AF5BF0009012D /* Frameworks */,
				76E3FAB21B8AF5BF0009012D /* Resources */,
			);
			buildRules = (
			);
			dependencies = (
				76E3FAB61B8AF5BF0009012D /* PBXTargetDependency */,
			);
			name = ModalSceneSampleTests;
			productName = ModalSceneSampleTests;
			productReference = 76E3FAB41B8AF5BF0009012D /* ModalSceneSampleTests.xctest */;
			productType = "com.apple.product-type.bundle.unit-test";
		};
/* End PBXNativeTarget section */

/* Begin PBXProject section */
		76E3FA971B8AF5BF0009012D /* Project object */ = {
			isa = PBXProject;
			attributes = {
				LastUpgradeCheck = 0640;
				ORGANIZATIONNAME = bamssong;
				TargetAttributes = {
					76E3FA9E1B8AF5BF0009012D = {
						CreatedOnToolsVersion = 6.4;
					};
					76E3FAB31B8AF5BF0009012D = {
						CreatedOnToolsVersion = 6.4;
						TestTargetID = 76E3FA9E1B8AF5BF0009012D;
					};
				};
			};
			buildConfigurationList = 76E3FA9A1B8AF5BF0009012D /* Build configuration list for PBXProject "ModalSceneSample" */;
			compatibilityVersion = "Xcode 3.2";
			developmentRegion = English;
			hasScannedForEncodings = 0;
			knownRegions = (
				en,
				Base,
			);
			mainGroup = 76E3FA961B8AF5BF0009012D;
			productRefGroup = 76E3FAA01B8AF5BF0009012D /* Products */;
			projectDirPath = "";
			projectRoot = "";
			targets = (
				76E3FA9E1B8AF5BF0009012D /* ModalSceneSample */,
				76E3FAB31B8AF5BF0009012D /* ModalSceneSampleTests */,
			);
		};
/* End PBXProject section */

/* Begin PBXResourcesBuildPhase section */
		76E3FA9D1B8AF5BF0009012D /* Resources */ = {
			isa = PBXResourcesBuildPhase;
			buildActionMask = 2147483647;
			files = (
				76E3FAAA1B8AF5BF0009012D /* Main.storyboard in Resources */,
				76E3FAAF1B8AF5BF0009012D /* LaunchScreen.xib in Resources */,
				76E3FAAC1B8AF5BF0009012D /* Images.xcassets in Resources */,
			);
			runOnlyForDeploymentPostprocessing = 0;
		};
		76E3FAB21B8AF5BF0009012D /* Resources */ = {
			isa = PBXResourcesBuildPhase;
			buildActionMask = 2147483647;
			files = (
			);
			runOnlyForDeploymentPostprocessing = 0;
		};
/* End PBXResourcesBuildPhase section */

/* Begin PBXSourcesBuildPhase section */
		76E3FA9B1B8AF5BF0009012D /* Sources */ = {
			isa = PBXSourcesBuildPhase;
			buildActionMask = 2147483647;
			files = (
				76E3FAA71B8AF5BF0009012D /* ViewController.swift in Sources */,
				76E3FAA51B8AF5BF0009012D /* AppDelegate.swift in Sources */,
				76E3FAC51B8AF7220009012D /* ChildViewController.swift in Sources */,
			);
			runOnlyForDeploymentPostprocessing = 0;
		};
		76E3FAB01B8AF5BF0009012D /* Sources */ = {
			isa = PBXSourcesBuildPhase;
			buildActionMask = 2147483647;
			files = (
				76E3FABB1B8AF5BF0009012D /* ModalSceneSampleTests.swift in Sources */,
			);
			runOnlyForDeploymentPostprocessing = 0;
		};
/* End PBXSourcesBuildPhase section */

/* Begin PBXTargetDependency section */
		76E3FAB61B8AF5BF0009012D /* PBXTargetDependency */ = {
			isa = PBXTargetDependency;
			target = 76E3FA9E1B8AF5BF0009012D /* ModalSceneSample */;
			targetProxy = 76E3FAB51B8AF5BF0009012D /* PBXContainerItemProxy */;
		};
/* End PBXTargetDependency section */

/* Begin PBXVariantGroup section */
		76E3FAA81B8AF5BF0009012D /* Main.storyboard */ = {
			isa = PBXVariantGroup;
			children = (
				76E3FAA91B8AF5BF0009012D /* Base */,
			);
			name = Main.storyboard;
			sourceTree = "<group>";
		};
		76E3FAAD1B8AF5BF0009012D /* LaunchScreen.xib */ = {
			isa = PBXVariantGroup;
			children = (
				76E3FAAE1B8AF5BF0009012D /* Base */,
			);
			name = LaunchScreen.xib;
			sourceTree = "<group>";
		};
/* End PBXVariantGroup section */

/* Begin XCBuildConfiguration section */
		76E3FABC1B8AF5BF0009012D /* Debug */ = {
			isa = XCBuildConfiguration;
			buildSettings = {
				ALWAYS_SEARCH_USER_PATHS = NO;
				CLANG_CXX_LANGUAGE_STANDARD = "gnu++0x";
				CLANG_CXX_LIBRARY = "libc++";
				CLANG_ENABLE_MODULES = YES;
				CLANG_ENABLE_OBJC_ARC = YES;
				CLANG_WARN_BOOL_CONVERSION = YES;
				CLANG_WARN_CONSTANT_CONVERSION = YES;
				CLANG_WARN_DIRECT_OBJC_ISA_USAGE = YES_ERROR;
				CLANG_WARN_EMPTY_BODY = YES;
				CLANG_WARN_ENUM_CONVERSION = YES;
				CLANG_WARN_INT_CONVERSION = YES;
				CLANG_WARN_OBJC_ROOT_CLASS = YES_ERROR;
				CLANG_WARN_UNREACHABLE_CODE = YES;
				CLANG_WARN__DUPLICATE_METHOD_MATCH = YES;
				"CODE_SIGN_IDENTITY[sdk=iphoneos*]" = "iPhone Developer";
				COPY_PHASE_STRIP = NO;
				DEBUG_INFORMATION_FORMAT = "dwarf-with-dsym";
				ENABLE_STRICT_OBJC_MSGSEND = YES;
				GCC_C_LANGUAGE_STANDARD = gnu99;
				GCC_DYNAMIC_NO_PIC = NO;
				GCC_NO_COMMON_BLOCKS = YES;
				GCC_OPTIMIZATION_LEVEL = 0;
				GCC_PREPROCESSOR_DEFINITIONS = (
					"DEBUG=1",
					"$(inherited)",
				);
				GCC_SYMBOLS_PRIVATE_EXTERN = NO;
				GCC_WARN_64_TO_32_BIT_CONVERSION = YES;
				GCC_WARN_ABOUT_RETURN_TYPE = YES_ERROR;
				GCC_WARN_UNDECLARED_SELECTOR = YES;
				GCC_WARN_UNINITIALIZED_AUTOS = YES_AGGRESSIVE;
				GCC_WARN_UNUSED_FUNCTION = YES;
				GCC_WARN_UNUSED_VARIABLE = YES;
				IPHONEOS_DEPLOYMENT_TARGET = 8.4;
				MTL_ENABLE_DEBUG_INFO = YES;
				ONLY_ACTIVE_ARCH = YES;
				SDKROOT = iphoneos;
				SWIFT_OPTIMIZATION_LEVEL = "-Onone";
			};
			name = Debug;
		};
		76E3FABD1B8AF5BF0009012D /* Release */ = {
			isa = XCBuildConfiguration;
			buildSettings = {
				ALWAYS_SEARCH_USER_PATHS = NO;
				CLANG_CXX_LANGUAGE_STANDARD = "gnu++0x";
				CLANG_CXX_LIBRARY = "libc++";
				CLANG_ENABLE_MODULES = YES;
				CLANG_ENABLE_OBJC_ARC = YES;
				CLANG_WARN_BOOL_CONVERSION = YES;
				CLANG_WARN_CONSTANT_CONVERSION = YES;
				CLANG_WARN_DIRECT_OBJC_ISA_USAGE = YES_ERROR;
				CLANG_WARN_EMPTY_BODY = YES;
				CLANG_WARN_ENUM_CONVERSION = YES;
				CLANG_WARN_INT_CONVERSION = YES;
				CLANG_WARN_OBJC_ROOT_CLASS = YES_ERROR;
				CLANG_WARN_UNREACHABLE_CODE = YES;
				CLANG_WARN__DUPLICATE_METHOD_MATCH = YES;
				"CODE_SIGN_IDENTITY[sdk=iphoneos*]" = "iPhone Developer";
				COPY_PHASE_STRIP = NO;
				DEBUG_INFORMATION_FORMAT = "dwarf-with-dsym";
				ENABLE_NS_ASSERTIONS = NO;
				ENABLE_STRICT_OBJC_MSGSEND = YES;
				GCC_C_LANGUAGE_STANDARD = gnu99;
				GCC_NO_COMMON_BLOCKS = YES;
				GCC_WARN_64_TO_32_BIT_CONVERSION = YES;
				GCC_WARN_ABOUT_RETURN_TYPE = YES_ERROR;
				GCC_WARN_UNDECLARED_SELECTOR = YES;
				GCC_WARN_UNINITIALIZED_AUTOS = YES_AGGRESSIVE;
				GCC_WARN_UNUSED_FUNCTION = YES;
				GCC_WARN_UNUSED_VARIABLE = YES;
				IPHONEOS_DEPLOYMENT_TARGET = 8.4;
				MTL_ENABLE_DEBUG_INFO = NO;
				SDKROOT = iphoneos;
				VALIDATE_PRODUCT = YES;
			};
			name = Release;
		};
		76E3FABF1B8AF5BF0009012D /* Debug */ = {
			isa = XCBuildConfiguration;
			buildSettings = {
				ASSETCATALOG_COMPILER_APPICON_NAME = AppIcon;
				INFOPLIST_FILE = ModalSceneSample/Info.plist;
				LD_RUNPATH_SEARCH_PATHS = "$(inherited) @executable_path/Frameworks";
				PRODUCT_NAME = "$(TARGET_NAME)";
			};
			name = Debug;
		};
		76E3FAC01B8AF5BF0009012D /* Release */ = {
			isa = XCBuildConfiguration;
			buildSettings = {
				ASSETCATALOG_COMPILER_APPICON_NAME = AppIcon;
				INFOPLIST_FILE = ModalSceneSample/Info.plist;
				LD_RUNPATH_SEARCH_PATHS = "$(inherited) @executable_path/Frameworks";
				PRODUCT_NAME = "$(TARGET_NAME)";
			};
			name = Release;
		};
		76E3FAC21B8AF5BF0009012D /* Debug */ = {
			isa = XCBuildConfiguration;
			buildSettings = {
				BUNDLE_LOADER = "$(TEST_HOST)";
				FRAMEWORK_SEARCH_PATHS = (
					"$(SDKROOT)/Developer/Library/Frameworks",
					"$(inherited)",
				);
				GCC_PREPROCESSOR_DEFINITIONS = (
					"DEBUG=1",
					"$(inherited)",
				);
				INFOPLIST_FILE = ModalSceneSampleTests/Info.plist;
				LD_RUNPATH_SEARCH_PATHS = "$(inherited) @executable_path/Frameworks @loader_path/Frameworks";
				PRODUCT_NAME = "$(TARGET_NAME)";
				TEST_HOST = "$(BUILT_PRODUCTS_DIR)/ModalSceneSample.app/ModalSceneSample";
			};
			name = Debug;
		};
		76E3FAC31B8AF5BF0009012D /* Release */ = {
			isa = XCBuildConfiguration;
			buildSettings = {
				BUNDLE_LOADER = "$(TEST_HOST)";
				FRAMEWORK_SEARCH_PATHS = (
					"$(SDKROOT)/Developer/Library/Frameworks",
					"$(inherited)",
				);
				INFOPLIST_FILE = ModalSceneSampleTests/Info.plist;
				LD_RUNPATH_SEARCH_PATHS = "$(inherited) @executable_path/Frameworks @loader_path/Frameworks";
				PRODUCT_NAME = "$(TARGET_NAME)";
				TEST_HOST = "$(BUILT_PRODUCTS_DIR)/ModalSceneSample.app/ModalSceneSample";
			};
			name = Release;
		};
/* End XCBuildConfiguration section */

/* Begin XCConfigurationList section */
		76E3FA9A1B8AF5BF0009012D /* Build configuration list for PBXProject "ModalSceneSample" */ = {
			isa = XCConfigurationList;
			buildConfigurations = (
				76E3FABC1B8AF5BF0009012D /* Debug */,
				76E3FABD1B8AF5BF0009012D /* Release */,
			);
			defaultConfigurationIsVisible = 0;
			defaultConfigurationName = Release;
		};
		76E3FABE1B8AF5BF0009012D /* Build configuration list for PBXNativeTarget "ModalSceneSample" */ = {
			isa = XCConfigurationList;
			buildConfigurations = (
				76E3FABF1B8AF5BF0009012D /* Debug */,
				76E3FAC01B8AF5BF0009012D /* Release */,
			);
			defaultConfigurationIsVisible = 0;
		};
		76E3FAC11B8AF5BF0009012D /* Build configuration list for PBXNativeTarget "ModalSceneSampleTests" */ = {
			isa = XCConfigurationList;
			buildConfigurations = (
				76E3FAC21B8AF5BF0009012D /* Debug */,
				76E3FAC31B8AF5BF0009012D /* Release */,
			);
			defaultConfigurationIsVisible = 0;
		};
/* End XCConfigurationList section */
	};
	rootObject = 76E3FA971B8AF5BF0009012D /* Project object */;
}
