// !$*UTF8*$!
{
	archiveVersion = 1;
	classes = {
	};
	objectVersion = 46;
	objects = {

/* Begin PBXBuildFile section */
		76C8A3401B856D3700AB5407 /* AppDelegate.swift in Sources */ = {isa = PBXBuildFile; fileRef = 76C8A33F1B856D3700AB5407 /* AppDelegate.swift */; };
		76C8A3421B856D3700AB5407 /* ViewController.swift in Sources */ = {isa = PBXBuildFile; fileRef = 76C8A3411B856D3700AB5407 /* ViewController.swift */; };
		76C8A3451B856D3700AB5407 /* Main.storyboard in Resources */ = {isa = PBXBuildFile; fileRef = 76C8A3431B856D3700AB5407 /* Main.storyboard */; };
		76C8A3471B856D3700AB5407 /* Images.xcassets in Resources */ = {isa = PBXBuildFile; fileRef = 76C8A3461B856D3700AB5407 /* Images.xcassets */; };
		76C8A34A1B856D3700AB5407 /* LaunchScreen.xib in Resources */ = {isa = PBXBuildFile; fileRef = 76C8A3481B856D3700AB5407 /* LaunchScreen.xib */; };
		76C8A3561B856D3700AB5407 /* PagingPhotoScrollViewTests.swift in Sources */ = {isa = PBXBuildFile; fileRef = 76C8A3551B856D3700AB5407 /* PagingPhotoScrollViewTests.swift */; };
/* End PBXBuildFile section */

/* Begin PBXContainerItemProxy section */
		76C8A3501B856D3700AB5407 /* PBXContainerItemProxy */ = {
			isa = PBXContainerItemProxy;
			containerPortal = 76C8A3321B856D3700AB5407 /* Project object */;
			proxyType = 1;
			remoteGlobalIDString = 76C8A3391B856D3700AB5407;
			remoteInfo = PagingPhotoScrollView;
		};
/* End PBXContainerItemProxy section */

/* Begin PBXFileReference section */
		76C8A33A1B856D3700AB5407 /* PagingPhotoScrollView.app */ = {isa = PBXFileReference; explicitFileType = wrapper.application; includeInIndex = 0; path = PagingPhotoScrollView.app; sourceTree = BUILT_PRODUCTS_DIR; };
		76C8A33E1B856D3700AB5407 /* Info.plist */ = {isa = PBXFileReference; lastKnownFileType = text.plist.xml; path = Info.plist; sourceTree = "<group>"; };
		76C8A33F1B856D3700AB5407 /* AppDelegate.swift */ = {isa = PBXFileReference; lastKnownFileType = sourcecode.swift; path = AppDelegate.swift; sourceTree = "<group>"; };
		76C8A3411B856D3700AB5407 /* ViewController.swift */ = {isa = PBXFileReference; lastKnownFileType = sourcecode.swift; path = ViewController.swift; sourceTree = "<group>"; };
		76C8A3441B856D3700AB5407 /* Base */ = {isa = PBXFileReference; lastKnownFileType = file.storyboard; name = Base; path = Base.lproj/Main.storyboard; sourceTree = "<group>"; };
		76C8A3461B856D3700AB5407 /* Images.xcassets */ = {isa = PBXFileReference; lastKnownFileType = folder.assetcatalog; path = Images.xcassets; sourceTree = "<group>"; };
		76C8A3491B856D3700AB5407 /* Base */ = {isa = PBXFileReference; lastKnownFileType = file.xib; name = Base; path = Base.lproj/LaunchScreen.xib; sourceTree = "<group>"; };
		76C8A34F1B856D3700AB5407 /* PagingPhotoScrollViewTests.xctest */ = {isa = PBXFileReference; explicitFileType = wrapper.cfbundle; includeInIndex = 0; path = PagingPhotoScrollViewTests.xctest; sourceTree = BUILT_PRODUCTS_DIR; };
		76C8A3541B856D3700AB5407 /* Info.plist */ = {isa = PBXFileReference; lastKnownFileType = text.plist.xml; path = Info.plist; sourceTree = "<group>"; };
		76C8A3551B856D3700AB5407 /* PagingPhotoScrollViewTests.swift */ = {isa = PBXFileReference; lastKnownFileType = sourcecode.swift; path = PagingPhotoScrollViewTests.swift; sourceTree = "<group>"; };
/* End PBXFileReference section */

/* Begin PBXFrameworksBuildPhase section */
		76C8A3371B856D3700AB5407 /* Frameworks */ = {
			isa = PBXFrameworksBuildPhase;
			buildActionMask = 2147483647;
			files = (
			);
			runOnlyForDeploymentPostprocessing = 0;
		};
		76C8A34C1B856D3700AB5407 /* Frameworks */ = {
			isa = PBXFrameworksBuildPhase;
			buildActionMask = 2147483647;
			files = (
			);
			runOnlyForDeploymentPostprocessing = 0;
		};
/* End PBXFrameworksBuildPhase section */

/* Begin PBXGroup section */
		76C8A3311B856D3700AB5407 = {
			isa = PBXGroup;
			children = (
				76C8A33C1B856D3700AB5407 /* PagingPhotoScrollView */,
				76C8A3521B856D3700AB5407 /* PagingPhotoScrollViewTests */,
				76C8A33B1B856D3700AB5407 /* Products */,
			);
			sourceTree = "<group>";
		};
		76C8A33B1B856D3700AB5407 /* Products */ = {
			isa = PBXGroup;
			children = (
				76C8A33A1B856D3700AB5407 /* PagingPhotoScrollView.app */,
				76C8A34F1B856D3700AB5407 /* PagingPhotoScrollViewTests.xctest */,
			);
			name = Products;
			sourceTree = "<group>";
		};
		76C8A33C1B856D3700AB5407 /* PagingPhotoScrollView */ = {
			isa = PBXGroup;
			children = (
				76C8A33F1B856D3700AB5407 /* AppDelegate.swift */,
				76C8A3411B856D3700AB5407 /* ViewController.swift */,
				76C8A3431B856D3700AB5407 /* Main.storyboard */,
				76C8A3461B856D3700AB5407 /* Images.xcassets */,
				76C8A3481B856D3700AB5407 /* LaunchScreen.xib */,
				76C8A33D1B856D3700AB5407 /* Supporting Files */,
			);
			path = PagingPhotoScrollView;
			sourceTree = "<group>";
		};
		76C8A33D1B856D3700AB5407 /* Supporting Files */ = {
			isa = PBXGroup;
			children = (
				76C8A33E1B856D3700AB5407 /* Info.plist */,
			);
			name = "Supporting Files";
			sourceTree = "<group>";
		};
		76C8A3521B856D3700AB5407 /* PagingPhotoScrollViewTests */ = {
			isa = PBXGroup;
			children = (
				76C8A3551B856D3700AB5407 /* PagingPhotoScrollViewTests.swift */,
				76C8A3531B856D3700AB5407 /* Supporting Files */,
			);
			path = PagingPhotoScrollViewTests;
			sourceTree = "<group>";
		};
		76C8A3531B856D3700AB5407 /* Supporting Files */ = {
			isa = PBXGroup;
			children = (
				76C8A3541B856D3700AB5407 /* Info.plist */,
			);
			name = "Supporting Files";
			sourceTree = "<group>";
		};
/* End PBXGroup section */

/* Begin PBXNativeTarget section */
		76C8A3391B856D3700AB5407 /* PagingPhotoScrollView */ = {
			isa = PBXNativeTarget;
			buildConfigurationList = 76C8A3591B856D3700AB5407 /* Build configuration list for PBXNativeTarget "PagingPhotoScrollView" */;
			buildPhases = (
				76C8A3361B856D3700AB5407 /* Sources */,
				76C8A3371B856D3700AB5407 /* Frameworks */,
				76C8A3381B856D3700AB5407 /* Resources */,
			);
			buildRules = (
			);
			dependencies = (
			);
			name = PagingPhotoScrollView;
			productName = PagingPhotoScrollView;
			productReference = 76C8A33A1B856D3700AB5407 /* PagingPhotoScrollView.app */;
			productType = "com.apple.product-type.application";
		};
		76C8A34E1B856D3700AB5407 /* PagingPhotoScrollViewTests */ = {
			isa = PBXNativeTarget;
			buildConfigurationList = 76C8A35C1B856D3700AB5407 /* Build configuration list for PBXNativeTarget "PagingPhotoScrollViewTests" */;
			buildPhases = (
				76C8A34B1B856D3700AB5407 /* Sources */,
				76C8A34C1B856D3700AB5407 /* Frameworks */,
				76C8A34D1B856D3700AB5407 /* Resources */,
			);
			buildRules = (
			);
			dependencies = (
				76C8A3511B856D3700AB5407 /* PBXTargetDependency */,
			);
			name = PagingPhotoScrollViewTests;
			productName = PagingPhotoScrollViewTests;
			productReference = 76C8A34F1B856D3700AB5407 /* PagingPhotoScrollViewTests.xctest */;
			productType = "com.apple.product-type.bundle.unit-test";
		};
/* End PBXNativeTarget section */

/* Begin PBXProject section */
		76C8A3321B856D3700AB5407 /* Project object */ = {
			isa = PBXProject;
			attributes = {
				LastUpgradeCheck = 0640;
				ORGANIZATIONNAME = bamssong;
				TargetAttributes = {
					76C8A3391B856D3700AB5407 = {
						CreatedOnToolsVersion = 6.4;
					};
					76C8A34E1B856D3700AB5407 = {
						CreatedOnToolsVersion = 6.4;
						TestTargetID = 76C8A3391B856D3700AB5407;
					};
				};
			};
			buildConfigurationList = 76C8A3351B856D3700AB5407 /* Build configuration list for PBXProject "PagingPhotoScrollView" */;
			compatibilityVersion = "Xcode 3.2";
			developmentRegion = English;
			hasScannedForEncodings = 0;
			knownRegions = (
				en,
				Base,
			);
			mainGroup = 76C8A3311B856D3700AB5407;
			productRefGroup = 76C8A33B1B856D3700AB5407 /* Products */;
			projectDirPath = "";
			projectRoot = "";
			targets = (
				76C8A3391B856D3700AB5407 /* PagingPhotoScrollView */,
				76C8A34E1B856D3700AB5407 /* PagingPhotoScrollViewTests */,
			);
		};
/* End PBXProject section */

/* Begin PBXResourcesBuildPhase section */
		76C8A3381B856D3700AB5407 /* Resources */ = {
			isa = PBXResourcesBuildPhase;
			buildActionMask = 2147483647;
			files = (
				76C8A3451B856D3700AB5407 /* Main.storyboard in Resources */,
				76C8A34A1B856D3700AB5407 /* LaunchScreen.xib in Resources */,
				76C8A3471B856D3700AB5407 /* Images.xcassets in Resources */,
			);
			runOnlyForDeploymentPostprocessing = 0;
		};
		76C8A34D1B856D3700AB5407 /* Resources */ = {
			isa = PBXResourcesBuildPhase;
			buildActionMask = 2147483647;
			files = (
			);
			runOnlyForDeploymentPostprocessing = 0;
		};
/* End PBXResourcesBuildPhase section */

/* Begin PBXSourcesBuildPhase section */
		76C8A3361B856D3700AB5407 /* Sources */ = {
			isa = PBXSourcesBuildPhase;
			buildActionMask = 2147483647;
			files = (
				76C8A3421B856D3700AB5407 /* ViewController.swift in Sources */,
				76C8A3401B856D3700AB5407 /* AppDelegate.swift in Sources */,
			);
			runOnlyForDeploymentPostprocessing = 0;
		};
		76C8A34B1B856D3700AB5407 /* Sources */ = {
			isa = PBXSourcesBuildPhase;
			buildActionMask = 2147483647;
			files = (
				76C8A3561B856D3700AB5407 /* PagingPhotoScrollViewTests.swift in Sources */,
			);
			runOnlyForDeploymentPostprocessing = 0;
		};
/* End PBXSourcesBuildPhase section */

/* Begin PBXTargetDependency section */
		76C8A3511B856D3700AB5407 /* PBXTargetDependency */ = {
			isa = PBXTargetDependency;
			target = 76C8A3391B856D3700AB5407 /* PagingPhotoScrollView */;
			targetProxy = 76C8A3501B856D3700AB5407 /* PBXContainerItemProxy */;
		};
/* End PBXTargetDependency section */

/* Begin PBXVariantGroup section */
		76C8A3431B856D3700AB5407 /* Main.storyboard */ = {
			isa = PBXVariantGroup;
			children = (
				76C8A3441B856D3700AB5407 /* Base */,
			);
			name = Main.storyboard;
			sourceTree = "<group>";
		};
		76C8A3481B856D3700AB5407 /* LaunchScreen.xib */ = {
			isa = PBXVariantGroup;
			children = (
				76C8A3491B856D3700AB5407 /* Base */,
			);
			name = LaunchScreen.xib;
			sourceTree = "<group>";
		};
/* End PBXVariantGroup section */

/* Begin XCBuildConfiguration section */
		76C8A3571B856D3700AB5407 /* Debug */ = {
			isa = XCBuildConfiguration;
			buildSettings = {
				ALWAYS_SEARCH_USER_PATHS = NO;
				CLANG_CXX_LANGUAGE_STANDARD = "gnu++0x";
				CLANG_CXX_LIBRARY = "libc++";
				CLANG_ENABLE_MODULES = YES;
				CLANG_ENABLE_OBJC_ARC = YES;
				CLANG_WARN_BOOL_CONVERSION = YES;
				CLANG_WARN_CONSTANT_CONVERSION = YES;
				CLANG_WARN_DIRECT_OBJC_ISA_USAGE = YES_ERROR;
				CLANG_WARN_EMPTY_BODY = YES;
				CLANG_WARN_ENUM_CONVERSION = YES;
				CLANG_WARN_INT_CONVERSION = YES;
				CLANG_WARN_OBJC_ROOT_CLASS = YES_ERROR;
				CLANG_WARN_UNREACHABLE_CODE = YES;
				CLANG_WARN__DUPLICATE_METHOD_MATCH = YES;
				"CODE_SIGN_IDENTITY[sdk=iphoneos*]" = "iPhone Developer";
				COPY_PHASE_STRIP = NO;
				DEBUG_INFORMATION_FORMAT = "dwarf-with-dsym";
				ENABLE_STRICT_OBJC_MSGSEND = YES;
				GCC_C_LANGUAGE_STANDARD = gnu99;
				GCC_DYNAMIC_NO_PIC = NO;
				GCC_NO_COMMON_BLOCKS = YES;
				GCC_OPTIMIZATION_LEVEL = 0;
				GCC_PREPROCESSOR_DEFINITIONS = (
					"DEBUG=1",
					"$(inherited)",
				);
				GCC_SYMBOLS_PRIVATE_EXTERN = NO;
				GCC_WARN_64_TO_32_BIT_CONVERSION = YES;
				GCC_WARN_ABOUT_RETURN_TYPE = YES_ERROR;
				GCC_WARN_UNDECLARED_SELECTOR = YES;
				GCC_WARN_UNINITIALIZED_AUTOS = YES_AGGRESSIVE;
				GCC_WARN_UNUSED_FUNCTION = YES;
				GCC_WARN_UNUSED_VARIABLE = YES;
				IPHONEOS_DEPLOYMENT_TARGET = 8.4;
				MTL_ENABLE_DEBUG_INFO = YES;
				ONLY_ACTIVE_ARCH = YES;
				SDKROOT = iphoneos;
				SWIFT_OPTIMIZATION_LEVEL = "-Onone";
			};
			name = Debug;
		};
		76C8A3581B856D3700AB5407 /* Release */ = {
			isa = XCBuildConfiguration;
			buildSettings = {
				ALWAYS_SEARCH_USER_PATHS = NO;
				CLANG_CXX_LANGUAGE_STANDARD = "gnu++0x";
				CLANG_CXX_LIBRARY = "libc++";
				CLANG_ENABLE_MODULES = YES;
				CLANG_ENABLE_OBJC_ARC = YES;
				CLANG_WARN_BOOL_CONVERSION = YES;
				CLANG_WARN_CONSTANT_CONVERSION = YES;
				CLANG_WARN_DIRECT_OBJC_ISA_USAGE = YES_ERROR;
				CLANG_WARN_EMPTY_BODY = YES;
				CLANG_WARN_ENUM_CONVERSION = YES;
				CLANG_WARN_INT_CONVERSION = YES;
				CLANG_WARN_OBJC_ROOT_CLASS = YES_ERROR;
				CLANG_WARN_UNREACHABLE_CODE = YES;
				CLANG_WARN__DUPLICATE_METHOD_MATCH = YES;
				"CODE_SIGN_IDENTITY[sdk=iphoneos*]" = "iPhone Developer";
				COPY_PHASE_STRIP = NO;
				DEBUG_INFORMATION_FORMAT = "dwarf-with-dsym";
				ENABLE_NS_ASSERTIONS = NO;
				ENABLE_STRICT_OBJC_MSGSEND = YES;
				GCC_C_LANGUAGE_STANDARD = gnu99;
				GCC_NO_COMMON_BLOCKS = YES;
				GCC_WARN_64_TO_32_BIT_CONVERSION = YES;
				GCC_WARN_ABOUT_RETURN_TYPE = YES_ERROR;
				GCC_WARN_UNDECLARED_SELECTOR = YES;
				GCC_WARN_UNINITIALIZED_AUTOS = YES_AGGRESSIVE;
				GCC_WARN_UNUSED_FUNCTION = YES;
				GCC_WARN_UNUSED_VARIABLE = YES;
				IPHONEOS_DEPLOYMENT_TARGET = 8.4;
				MTL_ENABLE_DEBUG_INFO = NO;
				SDKROOT = iphoneos;
				VALIDATE_PRODUCT = YES;
			};
			name = Release;
		};
		76C8A35A1B856D3700AB5407 /* Debug */ = {
			isa = XCBuildConfiguration;
			buildSettings = {
				ASSETCATALOG_COMPILER_APPICON_NAME = AppIcon;
				INFOPLIST_FILE = PagingPhotoScrollView/Info.plist;
				LD_RUNPATH_SEARCH_PATHS = "$(inherited) @executable_path/Frameworks";
				PRODUCT_NAME = "$(TARGET_NAME)";
			};
			name = Debug;
		};
		76C8A35B1B856D3700AB5407 /* Release */ = {
			isa = XCBuildConfiguration;
			buildSettings = {
				ASSETCATALOG_COMPILER_APPICON_NAME = AppIcon;
				INFOPLIST_FILE = PagingPhotoScrollView/Info.plist;
				LD_RUNPATH_SEARCH_PATHS = "$(inherited) @executable_path/Frameworks";
				PRODUCT_NAME = "$(TARGET_NAME)";
			};
			name = Release;
		};
		76C8A35D1B856D3700AB5407 /* Debug */ = {
			isa = XCBuildConfiguration;
			buildSettings = {
				BUNDLE_LOADER = "$(TEST_HOST)";
				FRAMEWORK_SEARCH_PATHS = (
					"$(SDKROOT)/Developer/Library/Frameworks",
					"$(inherited)",
				);
				GCC_PREPROCESSOR_DEFINITIONS = (
					"DEBUG=1",
					"$(inherited)",
				);
				INFOPLIST_FILE = PagingPhotoScrollViewTests/Info.plist;
				LD_RUNPATH_SEARCH_PATHS = "$(inherited) @executable_path/Frameworks @loader_path/Frameworks";
				PRODUCT_NAME = "$(TARGET_NAME)";
				TEST_HOST = "$(BUILT_PRODUCTS_DIR)/PagingPhotoScrollView.app/PagingPhotoScrollView";
			};
			name = Debug;
		};
		76C8A35E1B856D3700AB5407 /* Release */ = {
			isa = XCBuildConfiguration;
			buildSettings = {
				BUNDLE_LOADER = "$(TEST_HOST)";
				FRAMEWORK_SEARCH_PATHS = (
					"$(SDKROOT)/Developer/Library/Frameworks",
					"$(inherited)",
				);
				INFOPLIST_FILE = PagingPhotoScrollViewTests/Info.plist;
				LD_RUNPATH_SEARCH_PATHS = "$(inherited) @executable_path/Frameworks @loader_path/Frameworks";
				PRODUCT_NAME = "$(TARGET_NAME)";
				TEST_HOST = "$(BUILT_PRODUCTS_DIR)/PagingPhotoScrollView.app/PagingPhotoScrollView";
			};
			name = Release;
		};
/* End XCBuildConfiguration section */

/* Begin XCConfigurationList section */
		76C8A3351B856D3700AB5407 /* Build configuration list for PBXProject "PagingPhotoScrollView" */ = {
			isa = XCConfigurationList;
			buildConfigurations = (
				76C8A3571B856D3700AB5407 /* Debug */,
				76C8A3581B856D3700AB5407 /* Release */,
			);
			defaultConfigurationIsVisible = 0;
			defaultConfigurationName = Release;
		};
		76C8A3591B856D3700AB5407 /* Build configuration list for PBXNativeTarget "PagingPhotoScrollView" */ = {
			isa = XCConfigurationList;
			buildConfigurations = (
				76C8A35A1B856D3700AB5407 /* Debug */,
				76C8A35B1B856D3700AB5407 /* Release */,
			);
			defaultConfigurationIsVisible = 0;
		};
		76C8A35C1B856D3700AB5407 /* Build configuration list for PBXNativeTarget "PagingPhotoScrollViewTests" */ = {
			isa = XCConfigurationList;
			buildConfigurations = (
				76C8A35D1B856D3700AB5407 /* Debug */,
				76C8A35E1B856D3700AB5407 /* Release */,
			);
			defaultConfigurationIsVisible = 0;
		};
/* End XCConfigurationList section */
	};
	rootObject = 76C8A3321B856D3700AB5407 /* Project object */;
}
