// !$*UTF8*$!
{
	archiveVersion = 1;
	classes = {
	};
	objectVersion = 46;
	objects = {

/* Begin PBXBuildFile section */
		76FAFE091B9C00BB003439D6 /* AppDelegate.swift in Sources */ = {isa = PBXBuildFile; fileRef = 76FAFE081B9C00BB003439D6 /* AppDelegate.swift */; };
		76FAFE0B1B9C00BB003439D6 /* ViewController.swift in Sources */ = {isa = PBXBuildFile; fileRef = 76FAFE0A1B9C00BB003439D6 /* ViewController.swift */; };
		76FAFE0E1B9C00BB003439D6 /* Main.storyboard in Resources */ = {isa = PBXBuildFile; fileRef = 76FAFE0C1B9C00BB003439D6 /* Main.storyboard */; };
		76FAFE101B9C00BB003439D6 /* Images.xcassets in Resources */ = {isa = PBXBuildFile; fileRef = 76FAFE0F1B9C00BB003439D6 /* Images.xcassets */; };
		76FAFE131B9C00BB003439D6 /* LaunchScreen.xib in Resources */ = {isa = PBXBuildFile; fileRef = 76FAFE111B9C00BB003439D6 /* LaunchScreen.xib */; };
		76FAFE1F1B9C00BB003439D6 /* HelloSwiftTests.swift in Sources */ = {isa = PBXBuildFile; fileRef = 76FAFE1E1B9C00BB003439D6 /* HelloSwiftTests.swift */; };
/* End PBXBuildFile section */

/* Begin PBXContainerItemProxy section */
		76FAFE191B9C00BB003439D6 /* PBXContainerItemProxy */ = {
			isa = PBXContainerItemProxy;
			containerPortal = 76FAFDFB1B9C00BB003439D6 /* Project object */;
			proxyType = 1;
			remoteGlobalIDString = 76FAFE021B9C00BB003439D6;
			remoteInfo = HelloSwift;
		};
/* End PBXContainerItemProxy section */

/* Begin PBXFileReference section */
		76FAFE031B9C00BB003439D6 /* HelloSwift.app */ = {isa = PBXFileReference; explicitFileType = wrapper.application; includeInIndex = 0; path = HelloSwift.app; sourceTree = BUILT_PRODUCTS_DIR; };
		76FAFE071B9C00BB003439D6 /* Info.plist */ = {isa = PBXFileReference; lastKnownFileType = text.plist.xml; path = Info.plist; sourceTree = "<group>"; };
		76FAFE081B9C00BB003439D6 /* AppDelegate.swift */ = {isa = PBXFileReference; lastKnownFileType = sourcecode.swift; path = AppDelegate.swift; sourceTree = "<group>"; };
		76FAFE0A1B9C00BB003439D6 /* ViewController.swift */ = {isa = PBXFileReference; lastKnownFileType = sourcecode.swift; path = ViewController.swift; sourceTree = "<group>"; };
		76FAFE0D1B9C00BB003439D6 /* Base */ = {isa = PBXFileReference; lastKnownFileType = file.storyboard; name = Base; path = Base.lproj/Main.storyboard; sourceTree = "<group>"; };
		76FAFE0F1B9C00BB003439D6 /* Images.xcassets */ = {isa = PBXFileReference; lastKnownFileType = folder.assetcatalog; path = Images.xcassets; sourceTree = "<group>"; };
		76FAFE121B9C00BB003439D6 /* Base */ = {isa = PBXFileReference; lastKnownFileType = file.xib; name = Base; path = Base.lproj/LaunchScreen.xib; sourceTree = "<group>"; };
		76FAFE181B9C00BB003439D6 /* HelloSwiftTests.xctest */ = {isa = PBXFileReference; explicitFileType = wrapper.cfbundle; includeInIndex = 0; path = HelloSwiftTests.xctest; sourceTree = BUILT_PRODUCTS_DIR; };
		76FAFE1D1B9C00BB003439D6 /* Info.plist */ = {isa = PBXFileReference; lastKnownFileType = text.plist.xml; path = Info.plist; sourceTree = "<group>"; };
		76FAFE1E1B9C00BB003439D6 /* HelloSwiftTests.swift */ = {isa = PBXFileReference; lastKnownFileType = sourcecode.swift; path = HelloSwiftTests.swift; sourceTree = "<group>"; };
/* End PBXFileReference section */

/* Begin PBXFrameworksBuildPhase section */
		76FAFE001B9C00BB003439D6 /* Frameworks */ = {
			isa = PBXFrameworksBuildPhase;
			buildActionMask = 2147483647;
			files = (
			);
			runOnlyForDeploymentPostprocessing = 0;
		};
		76FAFE151B9C00BB003439D6 /* Frameworks */ = {
			isa = PBXFrameworksBuildPhase;
			buildActionMask = 2147483647;
			files = (
			);
			runOnlyForDeploymentPostprocessing = 0;
		};
/* End PBXFrameworksBuildPhase section */

/* Begin PBXGroup section */
		76FAFDFA1B9C00BB003439D6 = {
			isa = PBXGroup;
			children = (
				76FAFE051B9C00BB003439D6 /* HelloSwift */,
				76FAFE1B1B9C00BB003439D6 /* HelloSwiftTests */,
				76FAFE041B9C00BB003439D6 /* Products */,
			);
			sourceTree = "<group>";
		};
		76FAFE041B9C00BB003439D6 /* Products */ = {
			isa = PBXGroup;
			children = (
				76FAFE031B9C00BB003439D6 /* HelloSwift.app */,
				76FAFE181B9C00BB003439D6 /* HelloSwiftTests.xctest */,
			);
			name = Products;
			sourceTree = "<group>";
		};
		76FAFE051B9C00BB003439D6 /* HelloSwift */ = {
			isa = PBXGroup;
			children = (
				76FAFE081B9C00BB003439D6 /* AppDelegate.swift */,
				76FAFE0A1B9C00BB003439D6 /* ViewController.swift */,
				76FAFE0C1B9C00BB003439D6 /* Main.storyboard */,
				76FAFE0F1B9C00BB003439D6 /* Images.xcassets */,
				76FAFE111B9C00BB003439D6 /* LaunchScreen.xib */,
				76FAFE061B9C00BB003439D6 /* Supporting Files */,
			);
			path = HelloSwift;
			sourceTree = "<group>";
		};
		76FAFE061B9C00BB003439D6 /* Supporting Files */ = {
			isa = PBXGroup;
			children = (
				76FAFE071B9C00BB003439D6 /* Info.plist */,
			);
			name = "Supporting Files";
			sourceTree = "<group>";
		};
		76FAFE1B1B9C00BB003439D6 /* HelloSwiftTests */ = {
			isa = PBXGroup;
			children = (
				76FAFE1E1B9C00BB003439D6 /* HelloSwiftTests.swift */,
				76FAFE1C1B9C00BB003439D6 /* Supporting Files */,
			);
			path = HelloSwiftTests;
			sourceTree = "<group>";
		};
		76FAFE1C1B9C00BB003439D6 /* Supporting Files */ = {
			isa = PBXGroup;
			children = (
				76FAFE1D1B9C00BB003439D6 /* Info.plist */,
			);
			name = "Supporting Files";
			sourceTree = "<group>";
		};
/* End PBXGroup section */

/* Begin PBXNativeTarget section */
		76FAFE021B9C00BB003439D6 /* HelloSwift */ = {
			isa = PBXNativeTarget;
			buildConfigurationList = 76FAFE221B9C00BB003439D6 /* Build configuration list for PBXNativeTarget "HelloSwift" */;
			buildPhases = (
				76FAFDFF1B9C00BB003439D6 /* Sources */,
				76FAFE001B9C00BB003439D6 /* Frameworks */,
				76FAFE011B9C00BB003439D6 /* Resources */,
			);
			buildRules = (
			);
			dependencies = (
			);
			name = HelloSwift;
			productName = HelloSwift;
			productReference = 76FAFE031B9C00BB003439D6 /* HelloSwift.app */;
			productType = "com.apple.product-type.application";
		};
		76FAFE171B9C00BB003439D6 /* HelloSwiftTests */ = {
			isa = PBXNativeTarget;
			buildConfigurationList = 76FAFE251B9C00BB003439D6 /* Build configuration list for PBXNativeTarget "HelloSwiftTests" */;
			buildPhases = (
				76FAFE141B9C00BB003439D6 /* Sources */,
				76FAFE151B9C00BB003439D6 /* Frameworks */,
				76FAFE161B9C00BB003439D6 /* Resources */,
			);
			buildRules = (
			);
			dependencies = (
				76FAFE1A1B9C00BB003439D6 /* PBXTargetDependency */,
			);
			name = HelloSwiftTests;
			productName = HelloSwiftTests;
			productReference = 76FAFE181B9C00BB003439D6 /* HelloSwiftTests.xctest */;
			productType = "com.apple.product-type.bundle.unit-test";
		};
/* End PBXNativeTarget section */

/* Begin PBXProject section */
		76FAFDFB1B9C00BB003439D6 /* Project object */ = {
			isa = PBXProject;
			attributes = {
				LastUpgradeCheck = 0640;
				ORGANIZATIONNAME = bamssong;
				TargetAttributes = {
					76FAFE021B9C00BB003439D6 = {
						CreatedOnToolsVersion = 6.4;
					};
					76FAFE171B9C00BB003439D6 = {
						CreatedOnToolsVersion = 6.4;
						TestTargetID = 76FAFE021B9C00BB003439D6;
					};
				};
			};
			buildConfigurationList = 76FAFDFE1B9C00BB003439D6 /* Build configuration list for PBXProject "HelloSwift" */;
			compatibilityVersion = "Xcode 3.2";
			developmentRegion = English;
			hasScannedForEncodings = 0;
			knownRegions = (
				en,
				Base,
			);
			mainGroup = 76FAFDFA1B9C00BB003439D6;
			productRefGroup = 76FAFE041B9C00BB003439D6 /* Products */;
			projectDirPath = "";
			projectRoot = "";
			targets = (
				76FAFE021B9C00BB003439D6 /* HelloSwift */,
				76FAFE171B9C00BB003439D6 /* HelloSwiftTests */,
			);
		};
/* End PBXProject section */

/* Begin PBXResourcesBuildPhase section */
		76FAFE011B9C00BB003439D6 /* Resources */ = {
			isa = PBXResourcesBuildPhase;
			buildActionMask = 2147483647;
			files = (
				76FAFE0E1B9C00BB003439D6 /* Main.storyboard in Resources */,
				76FAFE131B9C00BB003439D6 /* LaunchScreen.xib in Resources */,
				76FAFE101B9C00BB003439D6 /* Images.xcassets in Resources */,
			);
			runOnlyForDeploymentPostprocessing = 0;
		};
		76FAFE161B9C00BB003439D6 /* Resources */ = {
			isa = PBXResourcesBuildPhase;
			buildActionMask = 2147483647;
			files = (
			);
			runOnlyForDeploymentPostprocessing = 0;
		};
/* End PBXResourcesBuildPhase section */

/* Begin PBXSourcesBuildPhase section */
		76FAFDFF1B9C00BB003439D6 /* Sources */ = {
			isa = PBXSourcesBuildPhase;
			buildActionMask = 2147483647;
			files = (
				76FAFE0B1B9C00BB003439D6 /* ViewController.swift in Sources */,
				76FAFE091B9C00BB003439D6 /* AppDelegate.swift in Sources */,
			);
			runOnlyForDeploymentPostprocessing = 0;
		};
		76FAFE141B9C00BB003439D6 /* Sources */ = {
			isa = PBXSourcesBuildPhase;
			buildActionMask = 2147483647;
			files = (
				76FAFE1F1B9C00BB003439D6 /* HelloSwiftTests.swift in Sources */,
			);
			runOnlyForDeploymentPostprocessing = 0;
		};
/* End PBXSourcesBuildPhase section */

/* Begin PBXTargetDependency section */
		76FAFE1A1B9C00BB003439D6 /* PBXTargetDependency */ = {
			isa = PBXTargetDependency;
			target = 76FAFE021B9C00BB003439D6 /* HelloSwift */;
			targetProxy = 76FAFE191B9C00BB003439D6 /* PBXContainerItemProxy */;
		};
/* End PBXTargetDependency section */

/* Begin PBXVariantGroup section */
		76FAFE0C1B9C00BB003439D6 /* Main.storyboard */ = {
			isa = PBXVariantGroup;
			children = (
				76FAFE0D1B9C00BB003439D6 /* Base */,
			);
			name = Main.storyboard;
			sourceTree = "<group>";
		};
		76FAFE111B9C00BB003439D6 /* LaunchScreen.xib */ = {
			isa = PBXVariantGroup;
			children = (
				76FAFE121B9C00BB003439D6 /* Base */,
			);
			name = LaunchScreen.xib;
			sourceTree = "<group>";
		};
/* End PBXVariantGroup section */

/* Begin XCBuildConfiguration section */
		76FAFE201B9C00BB003439D6 /* Debug */ = {
			isa = XCBuildConfiguration;
			buildSettings = {
				ALWAYS_SEARCH_USER_PATHS = NO;
				CLANG_CXX_LANGUAGE_STANDARD = "gnu++0x";
				CLANG_CXX_LIBRARY = "libc++";
				CLANG_ENABLE_MODULES = YES;
				CLANG_ENABLE_OBJC_ARC = YES;
				CLANG_WARN_BOOL_CONVERSION = YES;
				CLANG_WARN_CONSTANT_CONVERSION = YES;
				CLANG_WARN_DIRECT_OBJC_ISA_USAGE = YES_ERROR;
				CLANG_WARN_EMPTY_BODY = YES;
				CLANG_WARN_ENUM_CONVERSION = YES;
				CLANG_WARN_INT_CONVERSION = YES;
				CLANG_WARN_OBJC_ROOT_CLASS = YES_ERROR;
				CLANG_WARN_UNREACHABLE_CODE = YES;
				CLANG_WARN__DUPLICATE_METHOD_MATCH = YES;
				"CODE_SIGN_IDENTITY[sdk=iphoneos*]" = "iPhone Developer";
				COPY_PHASE_STRIP = NO;
				DEBUG_INFORMATION_FORMAT = "dwarf-with-dsym";
				ENABLE_STRICT_OBJC_MSGSEND = YES;
				GCC_C_LANGUAGE_STANDARD = gnu99;
				GCC_DYNAMIC_NO_PIC = NO;
				GCC_NO_COMMON_BLOCKS = YES;
				GCC_OPTIMIZATION_LEVEL = 0;
				GCC_PREPROCESSOR_DEFINITIONS = (
					"DEBUG=1",
					"$(inherited)",
				);
				GCC_SYMBOLS_PRIVATE_EXTERN = NO;
				GCC_WARN_64_TO_32_BIT_CONVERSION = YES;
				GCC_WARN_ABOUT_RETURN_TYPE = YES_ERROR;
				GCC_WARN_UNDECLARED_SELECTOR = YES;
				GCC_WARN_UNINITIALIZED_AUTOS = YES_AGGRESSIVE;
				GCC_WARN_UNUSED_FUNCTION = YES;
				GCC_WARN_UNUSED_VARIABLE = YES;
				IPHONEOS_DEPLOYMENT_TARGET = 8.4;
				MTL_ENABLE_DEBUG_INFO = YES;
				ONLY_ACTIVE_ARCH = YES;
				SDKROOT = iphoneos;
				SWIFT_OPTIMIZATION_LEVEL = "-Onone";
				TARGETED_DEVICE_FAMILY = "1,2";
			};
			name = Debug;
		};
		76FAFE211B9C00BB003439D6 /* Release */ = {
			isa = XCBuildConfiguration;
			buildSettings = {
				ALWAYS_SEARCH_USER_PATHS = NO;
				CLANG_CXX_LANGUAGE_STANDARD = "gnu++0x";
				CLANG_CXX_LIBRARY = "libc++";
				CLANG_ENABLE_MODULES = YES;
				CLANG_ENABLE_OBJC_ARC = YES;
				CLANG_WARN_BOOL_CONVERSION = YES;
				CLANG_WARN_CONSTANT_CONVERSION = YES;
				CLANG_WARN_DIRECT_OBJC_ISA_USAGE = YES_ERROR;
				CLANG_WARN_EMPTY_BODY = YES;
				CLANG_WARN_ENUM_CONVERSION = YES;
				CLANG_WARN_INT_CONVERSION = YES;
				CLANG_WARN_OBJC_ROOT_CLASS = YES_ERROR;
				CLANG_WARN_UNREACHABLE_CODE = YES;
				CLANG_WARN__DUPLICATE_METHOD_MATCH = YES;
				"CODE_SIGN_IDENTITY[sdk=iphoneos*]" = "iPhone Developer";
				COPY_PHASE_STRIP = NO;
				DEBUG_INFORMATION_FORMAT = "dwarf-with-dsym";
				ENABLE_NS_ASSERTIONS = NO;
				ENABLE_STRICT_OBJC_MSGSEND = YES;
				GCC_C_LANGUAGE_STANDARD = gnu99;
				GCC_NO_COMMON_BLOCKS = YES;
				GCC_WARN_64_TO_32_BIT_CONVERSION = YES;
				GCC_WARN_ABOUT_RETURN_TYPE = YES_ERROR;
				GCC_WARN_UNDECLARED_SELECTOR = YES;
				GCC_WARN_UNINITIALIZED_AUTOS = YES_AGGRESSIVE;
				GCC_WARN_UNUSED_FUNCTION = YES;
				GCC_WARN_UNUSED_VARIABLE = YES;
				IPHONEOS_DEPLOYMENT_TARGET = 8.4;
				MTL_ENABLE_DEBUG_INFO = NO;
				SDKROOT = iphoneos;
				TARGETED_DEVICE_FAMILY = "1,2";
				VALIDATE_PRODUCT = YES;
			};
			name = Release;
		};
		76FAFE231B9C00BB003439D6 /* Debug */ = {
			isa = XCBuildConfiguration;
			buildSettings = {
				ASSETCATALOG_COMPILER_APPICON_NAME = AppIcon;
				INFOPLIST_FILE = HelloSwift/Info.plist;
				LD_RUNPATH_SEARCH_PATHS = "$(inherited) @executable_path/Frameworks";
				PRODUCT_NAME = "$(TARGET_NAME)";
			};
			name = Debug;
		};
		76FAFE241B9C00BB003439D6 /* Release */ = {
			isa = XCBuildConfiguration;
			buildSettings = {
				ASSETCATALOG_COMPILER_APPICON_NAME = AppIcon;
				INFOPLIST_FILE = HelloSwift/Info.plist;
				LD_RUNPATH_SEARCH_PATHS = "$(inherited) @executable_path/Frameworks";
				PRODUCT_NAME = "$(TARGET_NAME)";
			};
			name = Release;
		};
		76FAFE261B9C00BB003439D6 /* Debug */ = {
			isa = XCBuildConfiguration;
			buildSettings = {
				BUNDLE_LOADER = "$(TEST_HOST)";
				FRAMEWORK_SEARCH_PATHS = (
					"$(SDKROOT)/Developer/Library/Frameworks",
					"$(inherited)",
				);
				GCC_PREPROCESSOR_DEFINITIONS = (
					"DEBUG=1",
					"$(inherited)",
				);
				INFOPLIST_FILE = HelloSwiftTests/Info.plist;
				LD_RUNPATH_SEARCH_PATHS = "$(inherited) @executable_path/Frameworks @loader_path/Frameworks";
				PRODUCT_NAME = "$(TARGET_NAME)";
				TEST_HOST = "$(BUILT_PRODUCTS_DIR)/HelloSwift.app/HelloSwift";
			};
			name = Debug;
		};
		76FAFE271B9C00BB003439D6 /* Release */ = {
			isa = XCBuildConfiguration;
			buildSettings = {
				BUNDLE_LOADER = "$(TEST_HOST)";
				FRAMEWORK_SEARCH_PATHS = (
					"$(SDKROOT)/Developer/Library/Frameworks",
					"$(inherited)",
				);
				INFOPLIST_FILE = HelloSwiftTests/Info.plist;
				LD_RUNPATH_SEARCH_PATHS = "$(inherited) @executable_path/Frameworks @loader_path/Frameworks";
				PRODUCT_NAME = "$(TARGET_NAME)";
				TEST_HOST = "$(BUILT_PRODUCTS_DIR)/HelloSwift.app/HelloSwift";
			};
			name = Release;
		};
/* End XCBuildConfiguration section */

/* Begin XCConfigurationList section */
		76FAFDFE1B9C00BB003439D6 /* Build configuration list for PBXProject "HelloSwift" */ = {
			isa = XCConfigurationList;
			buildConfigurations = (
				76FAFE201B9C00BB003439D6 /* Debug */,
				76FAFE211B9C00BB003439D6 /* Release */,
			);
			defaultConfigurationIsVisible = 0;
			defaultConfigurationName = Release;
		};
		76FAFE221B9C00BB003439D6 /* Build configuration list for PBXNativeTarget "HelloSwift" */ = {
			isa = XCConfigurationList;
			buildConfigurations = (
				76FAFE231B9C00BB003439D6 /* Debug */,
				76FAFE241B9C00BB003439D6 /* Release */,
			);
			defaultConfigurationIsVisible = 0;
		};
		76FAFE251B9C00BB003439D6 /* Build configuration list for PBXNativeTarget "HelloSwiftTests" */ = {
			isa = XCConfigurationList;
			buildConfigurations = (
				76FAFE261B9C00BB003439D6 /* Debug */,
				76FAFE271B9C00BB003439D6 /* Release */,
			);
			defaultConfigurationIsVisible = 0;
		};
/* End XCConfigurationList section */
	};
	rootObject = 76FAFDFB1B9C00BB003439D6 /* Project object */;
}
