// !$*UTF8*$!
{
	archiveVersion = 1;
	classes = {
	};
	objectVersion = 46;
	objects = {

/* Begin PBXBuildFile section */
		764143001B86E683000F41A6 /* AppDelegate.swift in Sources */ = {isa = PBXBuildFile; fileRef = 764142FF1B86E683000F41A6 /* AppDelegate.swift */; };
		764143021B86E683000F41A6 /* ViewController.swift in Sources */ = {isa = PBXBuildFile; fileRef = 764143011B86E683000F41A6 /* ViewController.swift */; };
		764143051B86E683000F41A6 /* Main.storyboard in Resources */ = {isa = PBXBuildFile; fileRef = 764143031B86E683000F41A6 /* Main.storyboard */; };
		764143071B86E683000F41A6 /* Images.xcassets in Resources */ = {isa = PBXBuildFile; fileRef = 764143061B86E683000F41A6 /* Images.xcassets */; };
		7641430A1B86E683000F41A6 /* LaunchScreen.xib in Resources */ = {isa = PBXBuildFile; fileRef = 764143081B86E683000F41A6 /* LaunchScreen.xib */; };
		764143161B86E683000F41A6 /* AnimationSampleTests.swift in Sources */ = {isa = PBXBuildFile; fileRef = 764143151B86E683000F41A6 /* AnimationSampleTests.swift */; };
/* End PBXBuildFile section */

/* Begin PBXContainerItemProxy section */
		764143101B86E683000F41A6 /* PBXContainerItemProxy */ = {
			isa = PBXContainerItemProxy;
			containerPortal = 764142F21B86E683000F41A6 /* Project object */;
			proxyType = 1;
			remoteGlobalIDString = 764142F91B86E683000F41A6;
			remoteInfo = AnimationSample;
		};
/* End PBXContainerItemProxy section */

/* Begin PBXFileReference section */
		764142FA1B86E683000F41A6 /* AnimationSample.app */ = {isa = PBXFileReference; explicitFileType = wrapper.application; includeInIndex = 0; path = AnimationSample.app; sourceTree = BUILT_PRODUCTS_DIR; };
		764142FE1B86E683000F41A6 /* Info.plist */ = {isa = PBXFileReference; lastKnownFileType = text.plist.xml; path = Info.plist; sourceTree = "<group>"; };
		764142FF1B86E683000F41A6 /* AppDelegate.swift */ = {isa = PBXFileReference; lastKnownFileType = sourcecode.swift; path = AppDelegate.swift; sourceTree = "<group>"; };
		764143011B86E683000F41A6 /* ViewController.swift */ = {isa = PBXFileReference; lastKnownFileType = sourcecode.swift; path = ViewController.swift; sourceTree = "<group>"; };
		764143041B86E683000F41A6 /* Base */ = {isa = PBXFileReference; lastKnownFileType = file.storyboard; name = Base; path = Base.lproj/Main.storyboard; sourceTree = "<group>"; };
		764143061B86E683000F41A6 /* Images.xcassets */ = {isa = PBXFileReference; lastKnownFileType = folder.assetcatalog; path = Images.xcassets; sourceTree = "<group>"; };
		764143091B86E683000F41A6 /* Base */ = {isa = PBXFileReference; lastKnownFileType = file.xib; name = Base; path = Base.lproj/LaunchScreen.xib; sourceTree = "<group>"; };
		7641430F1B86E683000F41A6 /* AnimationSampleTests.xctest */ = {isa = PBXFileReference; explicitFileType = wrapper.cfbundle; includeInIndex = 0; path = AnimationSampleTests.xctest; sourceTree = BUILT_PRODUCTS_DIR; };
		764143141B86E683000F41A6 /* Info.plist */ = {isa = PBXFileReference; lastKnownFileType = text.plist.xml; path = Info.plist; sourceTree = "<group>"; };
		764143151B86E683000F41A6 /* AnimationSampleTests.swift */ = {isa = PBXFileReference; lastKnownFileType = sourcecode.swift; path = AnimationSampleTests.swift; sourceTree = "<group>"; };
/* End PBXFileReference section */

/* Begin PBXFrameworksBuildPhase section */
		764142F71B86E683000F41A6 /* Frameworks */ = {
			isa = PBXFrameworksBuildPhase;
			buildActionMask = 2147483647;
			files = (
			);
			runOnlyForDeploymentPostprocessing = 0;
		};
		7641430C1B86E683000F41A6 /* Frameworks */ = {
			isa = PBXFrameworksBuildPhase;
			buildActionMask = 2147483647;
			files = (
			);
			runOnlyForDeploymentPostprocessing = 0;
		};
/* End PBXFrameworksBuildPhase section */

/* Begin PBXGroup section */
		764142F11B86E683000F41A6 = {
			isa = PBXGroup;
			children = (
				764142FC1B86E683000F41A6 /* AnimationSample */,
				764143121B86E683000F41A6 /* AnimationSampleTests */,
				764142FB1B86E683000F41A6 /* Products */,
			);
			sourceTree = "<group>";
		};
		764142FB1B86E683000F41A6 /* Products */ = {
			isa = PBXGroup;
			children = (
				764142FA1B86E683000F41A6 /* AnimationSample.app */,
				7641430F1B86E683000F41A6 /* AnimationSampleTests.xctest */,
			);
			name = Products;
			sourceTree = "<group>";
		};
		764142FC1B86E683000F41A6 /* AnimationSample */ = {
			isa = PBXGroup;
			children = (
				764142FF1B86E683000F41A6 /* AppDelegate.swift */,
				764143011B86E683000F41A6 /* ViewController.swift */,
				764143031B86E683000F41A6 /* Main.storyboard */,
				764143061B86E683000F41A6 /* Images.xcassets */,
				764143081B86E683000F41A6 /* LaunchScreen.xib */,
				764142FD1B86E683000F41A6 /* Supporting Files */,
			);
			path = AnimationSample;
			sourceTree = "<group>";
		};
		764142FD1B86E683000F41A6 /* Supporting Files */ = {
			isa = PBXGroup;
			children = (
				764142FE1B86E683000F41A6 /* Info.plist */,
			);
			name = "Supporting Files";
			sourceTree = "<group>";
		};
		764143121B86E683000F41A6 /* AnimationSampleTests */ = {
			isa = PBXGroup;
			children = (
				764143151B86E683000F41A6 /* AnimationSampleTests.swift */,
				764143131B86E683000F41A6 /* Supporting Files */,
			);
			path = AnimationSampleTests;
			sourceTree = "<group>";
		};
		764143131B86E683000F41A6 /* Supporting Files */ = {
			isa = PBXGroup;
			children = (
				764143141B86E683000F41A6 /* Info.plist */,
			);
			name = "Supporting Files";
			sourceTree = "<group>";
		};
/* End PBXGroup section */

/* Begin PBXNativeTarget section */
		764142F91B86E683000F41A6 /* AnimationSample */ = {
			isa = PBXNativeTarget;
			buildConfigurationList = 764143191B86E683000F41A6 /* Build configuration list for PBXNativeTarget "AnimationSample" */;
			buildPhases = (
				764142F61B86E683000F41A6 /* Sources */,
				764142F71B86E683000F41A6 /* Frameworks */,
				764142F81B86E683000F41A6 /* Resources */,
			);
			buildRules = (
			);
			dependencies = (
			);
			name = AnimationSample;
			productName = AnimationSample;
			productReference = 764142FA1B86E683000F41A6 /* AnimationSample.app */;
			productType = "com.apple.product-type.application";
		};
		7641430E1B86E683000F41A6 /* AnimationSampleTests */ = {
			isa = PBXNativeTarget;
			buildConfigurationList = 7641431C1B86E683000F41A6 /* Build configuration list for PBXNativeTarget "AnimationSampleTests" */;
			buildPhases = (
				7641430B1B86E683000F41A6 /* Sources */,
				7641430C1B86E683000F41A6 /* Frameworks */,
				7641430D1B86E683000F41A6 /* Resources */,
			);
			buildRules = (
			);
			dependencies = (
				764143111B86E683000F41A6 /* PBXTargetDependency */,
			);
			name = AnimationSampleTests;
			productName = AnimationSampleTests;
			productReference = 7641430F1B86E683000F41A6 /* AnimationSampleTests.xctest */;
			productType = "com.apple.product-type.bundle.unit-test";
		};
/* End PBXNativeTarget section */

/* Begin PBXProject section */
		764142F21B86E683000F41A6 /* Project object */ = {
			isa = PBXProject;
			attributes = {
				LastUpgradeCheck = 0640;
				ORGANIZATIONNAME = bamssong;
				TargetAttributes = {
					764142F91B86E683000F41A6 = {
						CreatedOnToolsVersion = 6.4;
					};
					7641430E1B86E683000F41A6 = {
						CreatedOnToolsVersion = 6.4;
						TestTargetID = 764142F91B86E683000F41A6;
					};
				};
			};
			buildConfigurationList = 764142F51B86E683000F41A6 /* Build configuration list for PBXProject "AnimationSample" */;
			compatibilityVersion = "Xcode 3.2";
			developmentRegion = English;
			hasScannedForEncodings = 0;
			knownRegions = (
				en,
				Base,
			);
			mainGroup = 764142F11B86E683000F41A6;
			productRefGroup = 764142FB1B86E683000F41A6 /* Products */;
			projectDirPath = "";
			projectRoot = "";
			targets = (
				764142F91B86E683000F41A6 /* AnimationSample */,
				7641430E1B86E683000F41A6 /* AnimationSampleTests */,
			);
		};
/* End PBXProject section */

/* Begin PBXResourcesBuildPhase section */
		764142F81B86E683000F41A6 /* Resources */ = {
			isa = PBXResourcesBuildPhase;
			buildActionMask = 2147483647;
			files = (
				764143051B86E683000F41A6 /* Main.storyboard in Resources */,
				7641430A1B86E683000F41A6 /* LaunchScreen.xib in Resources */,
				764143071B86E683000F41A6 /* Images.xcassets in Resources */,
			);
			runOnlyForDeploymentPostprocessing = 0;
		};
		7641430D1B86E683000F41A6 /* Resources */ = {
			isa = PBXResourcesBuildPhase;
			buildActionMask = 2147483647;
			files = (
			);
			runOnlyForDeploymentPostprocessing = 0;
		};
/* End PBXResourcesBuildPhase section */

/* Begin PBXSourcesBuildPhase section */
		764142F61B86E683000F41A6 /* Sources */ = {
			isa = PBXSourcesBuildPhase;
			buildActionMask = 2147483647;
			files = (
				764143021B86E683000F41A6 /* ViewController.swift in Sources */,
				764143001B86E683000F41A6 /* AppDelegate.swift in Sources */,
			);
			runOnlyForDeploymentPostprocessing = 0;
		};
		7641430B1B86E683000F41A6 /* Sources */ = {
			isa = PBXSourcesBuildPhase;
			buildActionMask = 2147483647;
			files = (
				764143161B86E683000F41A6 /* AnimationSampleTests.swift in Sources */,
			);
			runOnlyForDeploymentPostprocessing = 0;
		};
/* End PBXSourcesBuildPhase section */

/* Begin PBXTargetDependency section */
		764143111B86E683000F41A6 /* PBXTargetDependency */ = {
			isa = PBXTargetDependency;
			target = 764142F91B86E683000F41A6 /* AnimationSample */;
			targetProxy = 764143101B86E683000F41A6 /* PBXContainerItemProxy */;
		};
/* End PBXTargetDependency section */

/* Begin PBXVariantGroup section */
		764143031B86E683000F41A6 /* Main.storyboard */ = {
			isa = PBXVariantGroup;
			children = (
				764143041B86E683000F41A6 /* Base */,
			);
			name = Main.storyboard;
			sourceTree = "<group>";
		};
		764143081B86E683000F41A6 /* LaunchScreen.xib */ = {
			isa = PBXVariantGroup;
			children = (
				764143091B86E683000F41A6 /* Base */,
			);
			name = LaunchScreen.xib;
			sourceTree = "<group>";
		};
/* End PBXVariantGroup section */

/* Begin XCBuildConfiguration section */
		764143171B86E683000F41A6 /* Debug */ = {
			isa = XCBuildConfiguration;
			buildSettings = {
				ALWAYS_SEARCH_USER_PATHS = NO;
				CLANG_CXX_LANGUAGE_STANDARD = "gnu++0x";
				CLANG_CXX_LIBRARY = "libc++";
				CLANG_ENABLE_MODULES = YES;
				CLANG_ENABLE_OBJC_ARC = YES;
				CLANG_WARN_BOOL_CONVERSION = YES;
				CLANG_WARN_CONSTANT_CONVERSION = YES;
				CLANG_WARN_DIRECT_OBJC_ISA_USAGE = YES_ERROR;
				CLANG_WARN_EMPTY_BODY = YES;
				CLANG_WARN_ENUM_CONVERSION = YES;
				CLANG_WARN_INT_CONVERSION = YES;
				CLANG_WARN_OBJC_ROOT_CLASS = YES_ERROR;
				CLANG_WARN_UNREACHABLE_CODE = YES;
				CLANG_WARN__DUPLICATE_METHOD_MATCH = YES;
				"CODE_SIGN_IDENTITY[sdk=iphoneos*]" = "iPhone Developer";
				COPY_PHASE_STRIP = NO;
				DEBUG_INFORMATION_FORMAT = "dwarf-with-dsym";
				ENABLE_STRICT_OBJC_MSGSEND = YES;
				GCC_C_LANGUAGE_STANDARD = gnu99;
				GCC_DYNAMIC_NO_PIC = NO;
				GCC_NO_COMMON_BLOCKS = YES;
				GCC_OPTIMIZATION_LEVEL = 0;
				GCC_PREPROCESSOR_DEFINITIONS = (
					"DEBUG=1",
					"$(inherited)",
				);
				GCC_SYMBOLS_PRIVATE_EXTERN = NO;
				GCC_WARN_64_TO_32_BIT_CONVERSION = YES;
				GCC_WARN_ABOUT_RETURN_TYPE = YES_ERROR;
				GCC_WARN_UNDECLARED_SELECTOR = YES;
				GCC_WARN_UNINITIALIZED_AUTOS = YES_AGGRESSIVE;
				GCC_WARN_UNUSED_FUNCTION = YES;
				GCC_WARN_UNUSED_VARIABLE = YES;
				IPHONEOS_DEPLOYMENT_TARGET = 8.4;
				MTL_ENABLE_DEBUG_INFO = YES;
				ONLY_ACTIVE_ARCH = YES;
				SDKROOT = iphoneos;
				SWIFT_OPTIMIZATION_LEVEL = "-Onone";
			};
			name = Debug;
		};
		764143181B86E683000F41A6 /* Release */ = {
			isa = XCBuildConfiguration;
			buildSettings = {
				ALWAYS_SEARCH_USER_PATHS = NO;
				CLANG_CXX_LANGUAGE_STANDARD = "gnu++0x";
				CLANG_CXX_LIBRARY = "libc++";
				CLANG_ENABLE_MODULES = YES;
				CLANG_ENABLE_OBJC_ARC = YES;
				CLANG_WARN_BOOL_CONVERSION = YES;
				CLANG_WARN_CONSTANT_CONVERSION = YES;
				CLANG_WARN_DIRECT_OBJC_ISA_USAGE = YES_ERROR;
				CLANG_WARN_EMPTY_BODY = YES;
				CLANG_WARN_ENUM_CONVERSION = YES;
				CLANG_WARN_INT_CONVERSION = YES;
				CLANG_WARN_OBJC_ROOT_CLASS = YES_ERROR;
				CLANG_WARN_UNREACHABLE_CODE = YES;
				CLANG_WARN__DUPLICATE_METHOD_MATCH = YES;
				"CODE_SIGN_IDENTITY[sdk=iphoneos*]" = "iPhone Developer";
				COPY_PHASE_STRIP = NO;
				DEBUG_INFORMATION_FORMAT = "dwarf-with-dsym";
				ENABLE_NS_ASSERTIONS = NO;
				ENABLE_STRICT_OBJC_MSGSEND = YES;
				GCC_C_LANGUAGE_STANDARD = gnu99;
				GCC_NO_COMMON_BLOCKS = YES;
				GCC_WARN_64_TO_32_BIT_CONVERSION = YES;
				GCC_WARN_ABOUT_RETURN_TYPE = YES_ERROR;
				GCC_WARN_UNDECLARED_SELECTOR = YES;
				GCC_WARN_UNINITIALIZED_AUTOS = YES_AGGRESSIVE;
				GCC_WARN_UNUSED_FUNCTION = YES;
				GCC_WARN_UNUSED_VARIABLE = YES;
				IPHONEOS_DEPLOYMENT_TARGET = 8.4;
				MTL_ENABLE_DEBUG_INFO = NO;
				SDKROOT = iphoneos;
				VALIDATE_PRODUCT = YES;
			};
			name = Release;
		};
		7641431A1B86E683000F41A6 /* Debug */ = {
			isa = XCBuildConfiguration;
			buildSettings = {
				ASSETCATALOG_COMPILER_APPICON_NAME = AppIcon;
				INFOPLIST_FILE = AnimationSample/Info.plist;
				LD_RUNPATH_SEARCH_PATHS = "$(inherited) @executable_path/Frameworks";
				PRODUCT_NAME = "$(TARGET_NAME)";
			};
			name = Debug;
		};
		7641431B1B86E683000F41A6 /* Release */ = {
			isa = XCBuildConfiguration;
			buildSettings = {
				ASSETCATALOG_COMPILER_APPICON_NAME = AppIcon;
				INFOPLIST_FILE = AnimationSample/Info.plist;
				LD_RUNPATH_SEARCH_PATHS = "$(inherited) @executable_path/Frameworks";
				PRODUCT_NAME = "$(TARGET_NAME)";
			};
			name = Release;
		};
		7641431D1B86E683000F41A6 /* Debug */ = {
			isa = XCBuildConfiguration;
			buildSettings = {
				BUNDLE_LOADER = "$(TEST_HOST)";
				FRAMEWORK_SEARCH_PATHS = (
					"$(SDKROOT)/Developer/Library/Frameworks",
					"$(inherited)",
				);
				GCC_PREPROCESSOR_DEFINITIONS = (
					"DEBUG=1",
					"$(inherited)",
				);
				INFOPLIST_FILE = AnimationSampleTests/Info.plist;
				LD_RUNPATH_SEARCH_PATHS = "$(inherited) @executable_path/Frameworks @loader_path/Frameworks";
				PRODUCT_NAME = "$(TARGET_NAME)";
				TEST_HOST = "$(BUILT_PRODUCTS_DIR)/AnimationSample.app/AnimationSample";
			};
			name = Debug;
		};
		7641431E1B86E683000F41A6 /* Release */ = {
			isa = XCBuildConfiguration;
			buildSettings = {
				BUNDLE_LOADER = "$(TEST_HOST)";
				FRAMEWORK_SEARCH_PATHS = (
					"$(SDKROOT)/Developer/Library/Frameworks",
					"$(inherited)",
				);
				INFOPLIST_FILE = AnimationSampleTests/Info.plist;
				LD_RUNPATH_SEARCH_PATHS = "$(inherited) @executable_path/Frameworks @loader_path/Frameworks";
				PRODUCT_NAME = "$(TARGET_NAME)";
				TEST_HOST = "$(BUILT_PRODUCTS_DIR)/AnimationSample.app/AnimationSample";
			};
			name = Release;
		};
/* End XCBuildConfiguration section */

/* Begin XCConfigurationList section */
		764142F51B86E683000F41A6 /* Build configuration list for PBXProject "AnimationSample" */ = {
			isa = XCConfigurationList;
			buildConfigurations = (
				764143171B86E683000F41A6 /* Debug */,
				764143181B86E683000F41A6 /* Release */,
			);
			defaultConfigurationIsVisible = 0;
			defaultConfigurationName = Release;
		};
		764143191B86E683000F41A6 /* Build configuration list for PBXNativeTarget "AnimationSample" */ = {
			isa = XCConfigurationList;
			buildConfigurations = (
				7641431A1B86E683000F41A6 /* Debug */,
				7641431B1B86E683000F41A6 /* Release */,
			);
			defaultConfigurationIsVisible = 0;
		};
		7641431C1B86E683000F41A6 /* Build configuration list for PBXNativeTarget "AnimationSampleTests" */ = {
			isa = XCConfigurationList;
			buildConfigurations = (
				7641431D1B86E683000F41A6 /* Debug */,
				7641431E1B86E683000F41A6 /* Release */,
			);
			defaultConfigurationIsVisible = 0;
		};
/* End XCConfigurationList section */
	};
	rootObject = 764142F21B86E683000F41A6 /* Project object */;
}
