// !$*UTF8*$!
{
	archiveVersion = 1;
	classes = {
	};
	objectVersion = 46;
	objects = {

/* Begin PBXBuildFile section */
		76E700E51B84AD3B00160770 /* AppDelegate.swift in Sources */ = {isa = PBXBuildFile; fileRef = 76E700E41B84AD3B00160770 /* AppDelegate.swift */; };
		76E700E71B84AD3B00160770 /* ViewController.swift in Sources */ = {isa = PBXBuildFile; fileRef = 76E700E61B84AD3B00160770 /* ViewController.swift */; };
		76E700EA1B84AD3B00160770 /* Main.storyboard in Resources */ = {isa = PBXBuildFile; fileRef = 76E700E81B84AD3B00160770 /* Main.storyboard */; };
		76E700EC1B84AD3B00160770 /* Images.xcassets in Resources */ = {isa = PBXBuildFile; fileRef = 76E700EB1B84AD3B00160770 /* Images.xcassets */; };
		76E700EF1B84AD3B00160770 /* LaunchScreen.xib in Resources */ = {isa = PBXBuildFile; fileRef = 76E700ED1B84AD3B00160770 /* LaunchScreen.xib */; };
		76E700FB1B84AD3B00160770 /* ThreeViewsByCodeTests.swift in Sources */ = {isa = PBXBuildFile; fileRef = 76E700FA1B84AD3B00160770 /* ThreeViewsByCodeTests.swift */; };
/* End PBXBuildFile section */

/* Begin PBXContainerItemProxy section */
		76E700F51B84AD3B00160770 /* PBXContainerItemProxy */ = {
			isa = PBXContainerItemProxy;
			containerPortal = 76E700D71B84AD3B00160770 /* Project object */;
			proxyType = 1;
			remoteGlobalIDString = 76E700DE1B84AD3B00160770;
			remoteInfo = ThreeViewsByCode;
		};
/* End PBXContainerItemProxy section */

/* Begin PBXFileReference section */
		76E700DF1B84AD3B00160770 /* ThreeViewsByCode.app */ = {isa = PBXFileReference; explicitFileType = wrapper.application; includeInIndex = 0; path = ThreeViewsByCode.app; sourceTree = BUILT_PRODUCTS_DIR; };
		76E700E31B84AD3B00160770 /* Info.plist */ = {isa = PBXFileReference; lastKnownFileType = text.plist.xml; path = Info.plist; sourceTree = "<group>"; };
		76E700E41B84AD3B00160770 /* AppDelegate.swift */ = {isa = PBXFileReference; lastKnownFileType = sourcecode.swift; path = AppDelegate.swift; sourceTree = "<group>"; };
		76E700E61B84AD3B00160770 /* ViewController.swift */ = {isa = PBXFileReference; lastKnownFileType = sourcecode.swift; path = ViewController.swift; sourceTree = "<group>"; };
		76E700E91B84AD3B00160770 /* Base */ = {isa = PBXFileReference; lastKnownFileType = file.storyboard; name = Base; path = Base.lproj/Main.storyboard; sourceTree = "<group>"; };
		76E700EB1B84AD3B00160770 /* Images.xcassets */ = {isa = PBXFileReference; lastKnownFileType = folder.assetcatalog; path = Images.xcassets; sourceTree = "<group>"; };
		76E700EE1B84AD3B00160770 /* Base */ = {isa = PBXFileReference; lastKnownFileType = file.xib; name = Base; path = Base.lproj/LaunchScreen.xib; sourceTree = "<group>"; };
		76E700F41B84AD3B00160770 /* ThreeViewsByCodeTests.xctest */ = {isa = PBXFileReference; explicitFileType = wrapper.cfbundle; includeInIndex = 0; path = ThreeViewsByCodeTests.xctest; sourceTree = BUILT_PRODUCTS_DIR; };
		76E700F91B84AD3B00160770 /* Info.plist */ = {isa = PBXFileReference; lastKnownFileType = text.plist.xml; path = Info.plist; sourceTree = "<group>"; };
		76E700FA1B84AD3B00160770 /* ThreeViewsByCodeTests.swift */ = {isa = PBXFileReference; lastKnownFileType = sourcecode.swift; path = ThreeViewsByCodeTests.swift; sourceTree = "<group>"; };
/* End PBXFileReference section */

/* Begin PBXFrameworksBuildPhase section */
		76E700DC1B84AD3B00160770 /* Frameworks */ = {
			isa = PBXFrameworksBuildPhase;
			buildActionMask = 2147483647;
			files = (
			);
			runOnlyForDeploymentPostprocessing = 0;
		};
		76E700F11B84AD3B00160770 /* Frameworks */ = {
			isa = PBXFrameworksBuildPhase;
			buildActionMask = 2147483647;
			files = (
			);
			runOnlyForDeploymentPostprocessing = 0;
		};
/* End PBXFrameworksBuildPhase section */

/* Begin PBXGroup section */
		76E700D61B84AD3B00160770 = {
			isa = PBXGroup;
			children = (
				76E700E11B84AD3B00160770 /* ThreeViewsByCode */,
				76E700F71B84AD3B00160770 /* ThreeViewsByCodeTests */,
				76E700E01B84AD3B00160770 /* Products */,
			);
			sourceTree = "<group>";
		};
		76E700E01B84AD3B00160770 /* Products */ = {
			isa = PBXGroup;
			children = (
				76E700DF1B84AD3B00160770 /* ThreeViewsByCode.app */,
				76E700F41B84AD3B00160770 /* ThreeViewsByCodeTests.xctest */,
			);
			name = Products;
			sourceTree = "<group>";
		};
		76E700E11B84AD3B00160770 /* ThreeViewsByCode */ = {
			isa = PBXGroup;
			children = (
				76E700E41B84AD3B00160770 /* AppDelegate.swift */,
				76E700E61B84AD3B00160770 /* ViewController.swift */,
				76E700E81B84AD3B00160770 /* Main.storyboard */,
				76E700EB1B84AD3B00160770 /* Images.xcassets */,
				76E700ED1B84AD3B00160770 /* LaunchScreen.xib */,
				76E700E21B84AD3B00160770 /* Supporting Files */,
			);
			path = ThreeViewsByCode;
			sourceTree = "<group>";
		};
		76E700E21B84AD3B00160770 /* Supporting Files */ = {
			isa = PBXGroup;
			children = (
				76E700E31B84AD3B00160770 /* Info.plist */,
			);
			name = "Supporting Files";
			sourceTree = "<group>";
		};
		76E700F71B84AD3B00160770 /* ThreeViewsByCodeTests */ = {
			isa = PBXGroup;
			children = (
				76E700FA1B84AD3B00160770 /* ThreeViewsByCodeTests.swift */,
				76E700F81B84AD3B00160770 /* Supporting Files */,
			);
			path = ThreeViewsByCodeTests;
			sourceTree = "<group>";
		};
		76E700F81B84AD3B00160770 /* Supporting Files */ = {
			isa = PBXGroup;
			children = (
				76E700F91B84AD3B00160770 /* Info.plist */,
			);
			name = "Supporting Files";
			sourceTree = "<group>";
		};
/* End PBXGroup section */

/* Begin PBXNativeTarget section */
		76E700DE1B84AD3B00160770 /* ThreeViewsByCode */ = {
			isa = PBXNativeTarget;
			buildConfigurationList = 76E700FE1B84AD3B00160770 /* Build configuration list for PBXNativeTarget "ThreeViewsByCode" */;
			buildPhases = (
				76E700DB1B84AD3B00160770 /* Sources */,
				76E700DC1B84AD3B00160770 /* Frameworks */,
				76E700DD1B84AD3B00160770 /* Resources */,
			);
			buildRules = (
			);
			dependencies = (
			);
			name = ThreeViewsByCode;
			productName = ThreeViewsByCode;
			productReference = 76E700DF1B84AD3B00160770 /* ThreeViewsByCode.app */;
			productType = "com.apple.product-type.application";
		};
		76E700F31B84AD3B00160770 /* ThreeViewsByCodeTests */ = {
			isa = PBXNativeTarget;
			buildConfigurationList = 76E701011B84AD3B00160770 /* Build configuration list for PBXNativeTarget "ThreeViewsByCodeTests" */;
			buildPhases = (
				76E700F01B84AD3B00160770 /* Sources */,
				76E700F11B84AD3B00160770 /* Frameworks */,
				76E700F21B84AD3B00160770 /* Resources */,
			);
			buildRules = (
			);
			dependencies = (
				76E700F61B84AD3B00160770 /* PBXTargetDependency */,
			);
			name = ThreeViewsByCodeTests;
			productName = ThreeViewsByCodeTests;
			productReference = 76E700F41B84AD3B00160770 /* ThreeViewsByCodeTests.xctest */;
			productType = "com.apple.product-type.bundle.unit-test";
		};
/* End PBXNativeTarget section */

/* Begin PBXProject section */
		76E700D71B84AD3B00160770 /* Project object */ = {
			isa = PBXProject;
			attributes = {
				LastUpgradeCheck = 0640;
				ORGANIZATIONNAME = bamssong;
				TargetAttributes = {
					76E700DE1B84AD3B00160770 = {
						CreatedOnToolsVersion = 6.4;
					};
					76E700F31B84AD3B00160770 = {
						CreatedOnToolsVersion = 6.4;
						TestTargetID = 76E700DE1B84AD3B00160770;
					};
				};
			};
			buildConfigurationList = 76E700DA1B84AD3B00160770 /* Build configuration list for PBXProject "ThreeViewsByCode" */;
			compatibilityVersion = "Xcode 3.2";
			developmentRegion = English;
			hasScannedForEncodings = 0;
			knownRegions = (
				en,
				Base,
			);
			mainGroup = 76E700D61B84AD3B00160770;
			productRefGroup = 76E700E01B84AD3B00160770 /* Products */;
			projectDirPath = "";
			projectRoot = "";
			targets = (
				76E700DE1B84AD3B00160770 /* ThreeViewsByCode */,
				76E700F31B84AD3B00160770 /* ThreeViewsByCodeTests */,
			);
		};
/* End PBXProject section */

/* Begin PBXResourcesBuildPhase section */
		76E700DD1B84AD3B00160770 /* Resources */ = {
			isa = PBXResourcesBuildPhase;
			buildActionMask = 2147483647;
			files = (
				76E700EA1B84AD3B00160770 /* Main.storyboard in Resources */,
				76E700EF1B84AD3B00160770 /* LaunchScreen.xib in Resources */,
				76E700EC1B84AD3B00160770 /* Images.xcassets in Resources */,
			);
			runOnlyForDeploymentPostprocessing = 0;
		};
		76E700F21B84AD3B00160770 /* Resources */ = {
			isa = PBXResourcesBuildPhase;
			buildActionMask = 2147483647;
			files = (
			);
			runOnlyForDeploymentPostprocessing = 0;
		};
/* End PBXResourcesBuildPhase section */

/* Begin PBXSourcesBuildPhase section */
		76E700DB1B84AD3B00160770 /* Sources */ = {
			isa = PBXSourcesBuildPhase;
			buildActionMask = 2147483647;
			files = (
				76E700E71B84AD3B00160770 /* ViewController.swift in Sources */,
				76E700E51B84AD3B00160770 /* AppDelegate.swift in Sources */,
			);
			runOnlyForDeploymentPostprocessing = 0;
		};
		76E700F01B84AD3B00160770 /* Sources */ = {
			isa = PBXSourcesBuildPhase;
			buildActionMask = 2147483647;
			files = (
				76E700FB1B84AD3B00160770 /* ThreeViewsByCodeTests.swift in Sources */,
			);
			runOnlyForDeploymentPostprocessing = 0;
		};
/* End PBXSourcesBuildPhase section */

/* Begin PBXTargetDependency section */
		76E700F61B84AD3B00160770 /* PBXTargetDependency */ = {
			isa = PBXTargetDependency;
			target = 76E700DE1B84AD3B00160770 /* ThreeViewsByCode */;
			targetProxy = 76E700F51B84AD3B00160770 /* PBXContainerItemProxy */;
		};
/* End PBXTargetDependency section */

/* Begin PBXVariantGroup section */
		76E700E81B84AD3B00160770 /* Main.storyboard */ = {
			isa = PBXVariantGroup;
			children = (
				76E700E91B84AD3B00160770 /* Base */,
			);
			name = Main.storyboard;
			sourceTree = "<group>";
		};
		76E700ED1B84AD3B00160770 /* LaunchScreen.xib */ = {
			isa = PBXVariantGroup;
			children = (
				76E700EE1B84AD3B00160770 /* Base */,
			);
			name = LaunchScreen.xib;
			sourceTree = "<group>";
		};
/* End PBXVariantGroup section */

/* Begin XCBuildConfiguration section */
		76E700FC1B84AD3B00160770 /* Debug */ = {
			isa = XCBuildConfiguration;
			buildSettings = {
				ALWAYS_SEARCH_USER_PATHS = NO;
				CLANG_CXX_LANGUAGE_STANDARD = "gnu++0x";
				CLANG_CXX_LIBRARY = "libc++";
				CLANG_ENABLE_MODULES = YES;
				CLANG_ENABLE_OBJC_ARC = YES;
				CLANG_WARN_BOOL_CONVERSION = YES;
				CLANG_WARN_CONSTANT_CONVERSION = YES;
				CLANG_WARN_DIRECT_OBJC_ISA_USAGE = YES_ERROR;
				CLANG_WARN_EMPTY_BODY = YES;
				CLANG_WARN_ENUM_CONVERSION = YES;
				CLANG_WARN_INT_CONVERSION = YES;
				CLANG_WARN_OBJC_ROOT_CLASS = YES_ERROR;
				CLANG_WARN_UNREACHABLE_CODE = YES;
				CLANG_WARN__DUPLICATE_METHOD_MATCH = YES;
				"CODE_SIGN_IDENTITY[sdk=iphoneos*]" = "iPhone Developer";
				COPY_PHASE_STRIP = NO;
				DEBUG_INFORMATION_FORMAT = "dwarf-with-dsym";
				ENABLE_STRICT_OBJC_MSGSEND = YES;
				GCC_C_LANGUAGE_STANDARD = gnu99;
				GCC_DYNAMIC_NO_PIC = NO;
				GCC_NO_COMMON_BLOCKS = YES;
				GCC_OPTIMIZATION_LEVEL = 0;
				GCC_PREPROCESSOR_DEFINITIONS = (
					"DEBUG=1",
					"$(inherited)",
				);
				GCC_SYMBOLS_PRIVATE_EXTERN = NO;
				GCC_WARN_64_TO_32_BIT_CONVERSION = YES;
				GCC_WARN_ABOUT_RETURN_TYPE = YES_ERROR;
				GCC_WARN_UNDECLARED_SELECTOR = YES;
				GCC_WARN_UNINITIALIZED_AUTOS = YES_AGGRESSIVE;
				GCC_WARN_UNUSED_FUNCTION = YES;
				GCC_WARN_UNUSED_VARIABLE = YES;
				IPHONEOS_DEPLOYMENT_TARGET = 8.4;
				MTL_ENABLE_DEBUG_INFO = YES;
				ONLY_ACTIVE_ARCH = YES;
				SDKROOT = iphoneos;
				SWIFT_OPTIMIZATION_LEVEL = "-Onone";
			};
			name = Debug;
		};
		76E700FD1B84AD3B00160770 /* Release */ = {
			isa = XCBuildConfiguration;
			buildSettings = {
				ALWAYS_SEARCH_USER_PATHS = NO;
				CLANG_CXX_LANGUAGE_STANDARD = "gnu++0x";
				CLANG_CXX_LIBRARY = "libc++";
				CLANG_ENABLE_MODULES = YES;
				CLANG_ENABLE_OBJC_ARC = YES;
				CLANG_WARN_BOOL_CONVERSION = YES;
				CLANG_WARN_CONSTANT_CONVERSION = YES;
				CLANG_WARN_DIRECT_OBJC_ISA_USAGE = YES_ERROR;
				CLANG_WARN_EMPTY_BODY = YES;
				CLANG_WARN_ENUM_CONVERSION = YES;
				CLANG_WARN_INT_CONVERSION = YES;
				CLANG_WARN_OBJC_ROOT_CLASS = YES_ERROR;
				CLANG_WARN_UNREACHABLE_CODE = YES;
				CLANG_WARN__DUPLICATE_METHOD_MATCH = YES;
				"CODE_SIGN_IDENTITY[sdk=iphoneos*]" = "iPhone Developer";
				COPY_PHASE_STRIP = NO;
				DEBUG_INFORMATION_FORMAT = "dwarf-with-dsym";
				ENABLE_NS_ASSERTIONS = NO;
				ENABLE_STRICT_OBJC_MSGSEND = YES;
				GCC_C_LANGUAGE_STANDARD = gnu99;
				GCC_NO_COMMON_BLOCKS = YES;
				GCC_WARN_64_TO_32_BIT_CONVERSION = YES;
				GCC_WARN_ABOUT_RETURN_TYPE = YES_ERROR;
				GCC_WARN_UNDECLARED_SELECTOR = YES;
				GCC_WARN_UNINITIALIZED_AUTOS = YES_AGGRESSIVE;
				GCC_WARN_UNUSED_FUNCTION = YES;
				GCC_WARN_UNUSED_VARIABLE = YES;
				IPHONEOS_DEPLOYMENT_TARGET = 8.4;
				MTL_ENABLE_DEBUG_INFO = NO;
				SDKROOT = iphoneos;
				VALIDATE_PRODUCT = YES;
			};
			name = Release;
		};
		76E700FF1B84AD3B00160770 /* Debug */ = {
			isa = XCBuildConfiguration;
			buildSettings = {
				ASSETCATALOG_COMPILER_APPICON_NAME = AppIcon;
				INFOPLIST_FILE = ThreeViewsByCode/Info.plist;
				LD_RUNPATH_SEARCH_PATHS = "$(inherited) @executable_path/Frameworks";
				PRODUCT_NAME = "$(TARGET_NAME)";
			};
			name = Debug;
		};
		76E701001B84AD3B00160770 /* Release */ = {
			isa = XCBuildConfiguration;
			buildSettings = {
				ASSETCATALOG_COMPILER_APPICON_NAME = AppIcon;
				INFOPLIST_FILE = ThreeViewsByCode/Info.plist;
				LD_RUNPATH_SEARCH_PATHS = "$(inherited) @executable_path/Frameworks";
				PRODUCT_NAME = "$(TARGET_NAME)";
			};
			name = Release;
		};
		76E701021B84AD3B00160770 /* Debug */ = {
			isa = XCBuildConfiguration;
			buildSettings = {
				BUNDLE_LOADER = "$(TEST_HOST)";
				FRAMEWORK_SEARCH_PATHS = (
					"$(SDKROOT)/Developer/Library/Frameworks",
					"$(inherited)",
				);
				GCC_PREPROCESSOR_DEFINITIONS = (
					"DEBUG=1",
					"$(inherited)",
				);
				INFOPLIST_FILE = ThreeViewsByCodeTests/Info.plist;
				LD_RUNPATH_SEARCH_PATHS = "$(inherited) @executable_path/Frameworks @loader_path/Frameworks";
				PRODUCT_NAME = "$(TARGET_NAME)";
				TEST_HOST = "$(BUILT_PRODUCTS_DIR)/ThreeViewsByCode.app/ThreeViewsByCode";
			};
			name = Debug;
		};
		76E701031B84AD3B00160770 /* Release */ = {
			isa = XCBuildConfiguration;
			buildSettings = {
				BUNDLE_LOADER = "$(TEST_HOST)";
				FRAMEWORK_SEARCH_PATHS = (
					"$(SDKROOT)/Developer/Library/Frameworks",
					"$(inherited)",
				);
				INFOPLIST_FILE = ThreeViewsByCodeTests/Info.plist;
				LD_RUNPATH_SEARCH_PATHS = "$(inherited) @executable_path/Frameworks @loader_path/Frameworks";
				PRODUCT_NAME = "$(TARGET_NAME)";
				TEST_HOST = "$(BUILT_PRODUCTS_DIR)/ThreeViewsByCode.app/ThreeViewsByCode";
			};
			name = Release;
		};
/* End XCBuildConfiguration section */

/* Begin XCConfigurationList section */
		76E700DA1B84AD3B00160770 /* Build configuration list for PBXProject "ThreeViewsByCode" */ = {
			isa = XCConfigurationList;
			buildConfigurations = (
				76E700FC1B84AD3B00160770 /* Debug */,
				76E700FD1B84AD3B00160770 /* Release */,
			);
			defaultConfigurationIsVisible = 0;
			defaultConfigurationName = Release;
		};
		76E700FE1B84AD3B00160770 /* Build configuration list for PBXNativeTarget "ThreeViewsByCode" */ = {
			isa = XCConfigurationList;
			buildConfigurations = (
				76E700FF1B84AD3B00160770 /* Debug */,
				76E701001B84AD3B00160770 /* Release */,
			);
			defaultConfigurationIsVisible = 0;
		};
		76E701011B84AD3B00160770 /* Build configuration list for PBXNativeTarget "ThreeViewsByCodeTests" */ = {
			isa = XCConfigurationList;
			buildConfigurations = (
				76E701021B84AD3B00160770 /* Debug */,
				76E701031B84AD3B00160770 /* Release */,
			);
			defaultConfigurationIsVisible = 0;
		};
/* End XCConfigurationList section */
	};
	rootObject = 76E700D71B84AD3B00160770 /* Project object */;
}
